// !$*UTF8*$!
{
	archiveVersion = 1;
	classes = {
	};
	objectVersion = 55;
	objects = {

/* Begin PBXBuildFile section */
		041FF0C42A70CFD300E98018 /* TestView.xib in Resources */ = {isa = PBXBuildFile; fileRef = 041FF0C32A70CFD300E98018 /* TestView.xib */; };
		041FF0C62A70CFDC00E98018 /* TestView.swift in Sources */ = {isa = PBXBuildFile; fileRef = 041FF0C52A70CFDC00E98018 /* TestView.swift */; };
		041FF0C82A70EFE400E98018 /* SignUpVC.swift in Sources */ = {isa = PBXBuildFile; fileRef = 041FF0C72A70EFE400E98018 /* SignUpVC.swift */; };
		041FF0CA2A711CF300E98018 /* SubscriptionVC.swift in Sources */ = {isa = PBXBuildFile; fileRef = 041FF0C92A711CF300E98018 /* SubscriptionVC.swift */; };
		0436AEDA2A6FBE3B00459DD8 /* TimePickerView.swift in Sources */ = {isa = PBXBuildFile; fileRef = 0436AED92A6FBE3B00459DD8 /* TimePickerView.swift */; };
		0436AEDC2A6FBE4C00459DD8 /* TimePickerView.xib in Resources */ = {isa = PBXBuildFile; fileRef = 0436AEDB2A6FBE4C00459DD8 /* TimePickerView.xib */; };
		043810152A7A369D00102547 /* TextDetailVC.swift in Sources */ = {isa = PBXBuildFile; fileRef = 043810142A7A369D00102547 /* TextDetailVC.swift */; };
		043810172A7A3A5000102547 /* SpringAnimator.swift in Sources */ = {isa = PBXBuildFile; fileRef = 043810162A7A3A5000102547 /* SpringAnimator.swift */; };
		043810192A7A3C0500102547 /* AlertBase.swift in Sources */ = {isa = PBXBuildFile; fileRef = 043810182A7A3C0500102547 /* AlertBase.swift */; };
		0438C0A32A77B5EC009F9902 /* NotificationTimeVC.swift in Sources */ = {isa = PBXBuildFile; fileRef = 0438C0A22A77B5EC009F9902 /* NotificationTimeVC.swift */; };
		04644FF22A69225B00ABC01F /* IntroVC.swift in Sources */ = {isa = PBXBuildFile; fileRef = 04644FF12A69225B00ABC01F /* IntroVC.swift */; };
		04644FF42A69240500ABC01F /* Constant.swift in Sources */ = {isa = PBXBuildFile; fileRef = 04644FF32A69240500ABC01F /* Constant.swift */; };
		04666A3C2A6E3C9C003BC9CB /* WritingVC.swift in Sources */ = {isa = PBXBuildFile; fileRef = 04666A3B2A6E3C9C003BC9CB /* WritingVC.swift */; };
		04666A402A6E6E92003BC9CB /* HistoryTableCell.swift in Sources */ = {isa = PBXBuildFile; fileRef = 04666A3E2A6E6E92003BC9CB /* HistoryTableCell.swift */; };
		04666A412A6E6E92003BC9CB /* HistoryTableCell.xib in Resources */ = {isa = PBXBuildFile; fileRef = 04666A3F2A6E6E92003BC9CB /* HistoryTableCell.xib */; };
		04AE06A42A45798300FC4BA1 /* AppDelegate.swift in Sources */ = {isa = PBXBuildFile; fileRef = 04AE06A32A45798300FC4BA1 /* AppDelegate.swift */; };
		04AE06A62A45798300FC4BA1 /* SceneDelegate.swift in Sources */ = {isa = PBXBuildFile; fileRef = 04AE06A52A45798300FC4BA1 /* SceneDelegate.swift */; };
		04AE06A82A45798300FC4BA1 /* SplashVC.swift in Sources */ = {isa = PBXBuildFile; fileRef = 04AE06A72A45798300FC4BA1 /* SplashVC.swift */; };
		04AE06AB2A45798300FC4BA1 /* Main.storyboard in Resources */ = {isa = PBXBuildFile; fileRef = 04AE06A92A45798300FC4BA1 /* Main.storyboard */; };
		04AE06AE2A45798300FC4BA1 /* Natomic.xcdatamodeld in Sources */ = {isa = PBXBuildFile; fileRef = 04AE06AC2A45798300FC4BA1 /* Natomic.xcdatamodeld */; };
		04AE06B02A45798300FC4BA1 /* Assets.xcassets in Resources */ = {isa = PBXBuildFile; fileRef = 04AE06AF2A45798300FC4BA1 /* Assets.xcassets */; };
		04AE06B32A45798300FC4BA1 /* LaunchScreen.storyboard in Resources */ = {isa = PBXBuildFile; fileRef = 04AE06B12A45798300FC4BA1 /* LaunchScreen.storyboard */; };
		04AE06BB2A457C2E00FC4BA1 /* DatabaseManager.swift in Sources */ = {isa = PBXBuildFile; fileRef = 04AE06BA2A457C2E00FC4BA1 /* DatabaseManager.swift */; };
		04AE06BD2A457C7500FC4BA1 /* UserModel.swift in Sources */ = {isa = PBXBuildFile; fileRef = 04AE06BC2A457C7500FC4BA1 /* UserModel.swift */; };
		04AFFCCE2A6935C100FCCCAD /* UIViewExtension.swift in Sources */ = {isa = PBXBuildFile; fileRef = 04AFFCCD2A6935C100FCCCAD /* UIViewExtension.swift */; };
		04BEBAB72A67ECF00050A013 /* HomeVC.swift in Sources */ = {isa = PBXBuildFile; fileRef = 04BEBAB62A67ECF00050A013 /* HomeVC.swift */; };
		04BEBAB92A67F1B30050A013 /* MenuVC.swift in Sources */ = {isa = PBXBuildFile; fileRef = 04BEBAB82A67F1B30050A013 /* MenuVC.swift */; };
		04F4B5FC2A497E910085D4A8 /* Global.swift in Sources */ = {isa = PBXBuildFile; fileRef = 04F4B5FB2A497E910085D4A8 /* Global.swift */; };
		CA717955E9CF1D20D102798A /* Pods_Natomic.framework in Frameworks */ = {isa = PBXBuildFile; fileRef = FDAF64CC20DBDFA96CB7FCFF /* Pods_Natomic.framework */; };
		D01981782A98B20B003E45B8 /* WrirtingAlertVC.swift in Sources */ = {isa = PBXBuildFile; fileRef = D01981772A98B20B003E45B8 /* WrirtingAlertVC.swift */; };
		D01ED9FB2B401C5E00CD7A11 /* GoogleService-Info.plist in Resources */ = {isa = PBXBuildFile; fileRef = D01ED9FA2B401C5E00CD7A11 /* GoogleService-Info.plist */; };
		D02003252B3A969F00A34693 /* Loader.swift in Sources */ = {isa = PBXBuildFile; fileRef = D02003242B3A969F00A34693 /* Loader.swift */; };
		D02F2EE72B91DF7C008036C8 /* ThemeHeaderCell.swift in Sources */ = {isa = PBXBuildFile; fileRef = D02F2EE52B91DF7C008036C8 /* ThemeHeaderCell.swift */; };
		D02F2EE82B91DF7C008036C8 /* ThemeHeaderCell.xib in Resources */ = {isa = PBXBuildFile; fileRef = D02F2EE62B91DF7C008036C8 /* ThemeHeaderCell.xib */; };
		D02F2EEB2B91EA29008036C8 /* ThemeTableViewCell.swift in Sources */ = {isa = PBXBuildFile; fileRef = D02F2EE92B91EA29008036C8 /* ThemeTableViewCell.swift */; };
		D02F2EEC2B91EA29008036C8 /* ThemeTableViewCell.xib in Resources */ = {isa = PBXBuildFile; fileRef = D02F2EEA2B91EA29008036C8 /* ThemeTableViewCell.xib */; };
		D0340C992B43FED200C9EDC7 /* DeleteAccountAlertVC.swift in Sources */ = {isa = PBXBuildFile; fileRef = D0340C982B43FED200C9EDC7 /* DeleteAccountAlertVC.swift */; };
		D03FAA112A989B5600615426 /* MenuTableViewCell.swift in Sources */ = {isa = PBXBuildFile; fileRef = D03FAA0F2A989B5600615426 /* MenuTableViewCell.swift */; };
		D03FAA122A989B5600615426 /* MenuTableViewCell.xib in Resources */ = {isa = PBXBuildFile; fileRef = D03FAA102A989B5600615426 /* MenuTableViewCell.xib */; };
		D03FAA142A989DF400615426 /* Menu.swift in Sources */ = {isa = PBXBuildFile; fileRef = D03FAA132A989DF400615426 /* Menu.swift */; };
		D03FAA162A98A98E00615426 /* WelcomeVC.swift in Sources */ = {isa = PBXBuildFile; fileRef = D03FAA152A98A98E00615426 /* WelcomeVC.swift */; };
		D0403D3C2B7213EC00C2DE67 /* ShareImageVC.swift in Sources */ = {isa = PBXBuildFile; fileRef = D0403D3B2B7213EC00C2DE67 /* ShareImageVC.swift */; };
		D0403D402B7216BD00C2DE67 /* ImageThemeCollectionViewCell.swift in Sources */ = {isa = PBXBuildFile; fileRef = D0403D3E2B7216BD00C2DE67 /* ImageThemeCollectionViewCell.swift */; };
		D0403D412B7216BD00C2DE67 /* ImageThemeCollectionViewCell.xib in Resources */ = {isa = PBXBuildFile; fileRef = D0403D3F2B7216BD00C2DE67 /* ImageThemeCollectionViewCell.xib */; };
		D0403D432B721E2C00C2DE67 /* ImageTheameModel.swift in Sources */ = {isa = PBXBuildFile; fileRef = D0403D422B721E2C00C2DE67 /* ImageTheameModel.swift */; };
		D05D882C2BA183E700854FDB /* WidgetKit.framework in Frameworks */ = {isa = PBXBuildFile; fileRef = D05D882B2BA183E700854FDB /* WidgetKit.framework */; };
		D05D882E2BA183E700854FDB /* SwiftUI.framework in Frameworks */ = {isa = PBXBuildFile; fileRef = D05D882D2BA183E700854FDB /* SwiftUI.framework */; };
		D05D88312BA183E700854FDB /* Natomic_WidgetBundle.swift in Sources */ = {isa = PBXBuildFile; fileRef = D05D88302BA183E700854FDB /* Natomic_WidgetBundle.swift */; };
		D05D88332BA183E700854FDB /* Natomic_Widget.swift in Sources */ = {isa = PBXBuildFile; fileRef = D05D88322BA183E700854FDB /* Natomic_Widget.swift */; };
		D05D88352BA183E900854FDB /* Assets.xcassets in Resources */ = {isa = PBXBuildFile; fileRef = D05D88342BA183E900854FDB /* Assets.xcassets */; };
		D05D88392BA183E900854FDB /* Natomic WidgetExtension.appex in Embed Foundation Extensions */ = {isa = PBXBuildFile; fileRef = D05D882A2BA183E700854FDB /* Natomic WidgetExtension.appex */; settings = {ATTRIBUTES = (RemoveHeadersOnCopy, ); }; };
		D05D88402BA1847E00854FDB /* SharedUserDefaults.swift in Sources */ = {isa = PBXBuildFile; fileRef = D05D883F2BA1847E00854FDB /* SharedUserDefaults.swift */; };
		D05D88412BA1848400854FDB /* SharedUserDefaults.swift in Sources */ = {isa = PBXBuildFile; fileRef = D05D883F2BA1847E00854FDB /* SharedUserDefaults.swift */; };
		D05DEBAE2AA071B100792DB6 /* TextOpenVC.swift in Sources */ = {isa = PBXBuildFile; fileRef = D05DEBAD2AA071B100792DB6 /* TextOpenVC.swift */; };
		D0622CD22BC5589F00A1973D /* TrackEvent.swift in Sources */ = {isa = PBXBuildFile; fileRef = D0622CD12BC5589F00A1973D /* TrackEvent.swift */; };
		D06A938E2AE65EF900DF166F /* Reachability.swift in Sources */ = {isa = PBXBuildFile; fileRef = D06A938D2AE65EF900DF166F /* Reachability.swift */; };
		D07F85862B51431200409130 /* ImageConvertVC.swift in Sources */ = {isa = PBXBuildFile; fileRef = D07F85852B51431200409130 /* ImageConvertVC.swift */; };
		D08548C22B5FEEBD00B5377D /* EditDeleteTableView.swift in Sources */ = {isa = PBXBuildFile; fileRef = D08548C02B5FEEBC00B5377D /* EditDeleteTableView.swift */; };
		D08548C32B5FEEBD00B5377D /* EditDeleteTableView.xib in Resources */ = {isa = PBXBuildFile; fileRef = D08548C12B5FEEBD00B5377D /* EditDeleteTableView.xib */; };
		D09F2C602B60DB8200F6073D /* EditNoteVC.swift in Sources */ = {isa = PBXBuildFile; fileRef = D09F2C5F2B60DB8200F6073D /* EditNoteVC.swift */; };
		D0A06F002A98CD4300DA36E8 /* FeedbackVC.swift in Sources */ = {isa = PBXBuildFile; fileRef = D0A06EFF2A98CD4300DA36E8 /* FeedbackVC.swift */; };
		D0A06F022A98D25600DA36E8 /* SuccessFeedbackVC.swift in Sources */ = {isa = PBXBuildFile; fileRef = D0A06F012A98D25600DA36E8 /* SuccessFeedbackVC.swift */; };
		D0AEAB772A9356D1002D24A6 /* SetReminderAlertVC.swift in Sources */ = {isa = PBXBuildFile; fileRef = D0AEAB762A9356D1002D24A6 /* SetReminderAlertVC.swift */; };
		D0AEAB8B2A937469002D24A6 /* Rubik-Black.ttf in Resources */ = {isa = PBXBuildFile; fileRef = D0AEAB892A9372AE002D24A6 /* Rubik-Black.ttf */; };
		D0AEAB8C2A937469002D24A6 /* Rubik-BlackItalic.ttf in Resources */ = {isa = PBXBuildFile; fileRef = D0AEAB7D2A9372AE002D24A6 /* Rubik-BlackItalic.ttf */; };
		D0AEAB8D2A937469002D24A6 /* Rubik-Bold.ttf in Resources */ = {isa = PBXBuildFile; fileRef = D0AEAB852A9372AE002D24A6 /* Rubik-Bold.ttf */; };
		D0AEAB8E2A937469002D24A6 /* Rubik-BoldItalic.ttf in Resources */ = {isa = PBXBuildFile; fileRef = D0AEAB872A9372AE002D24A6 /* Rubik-BoldItalic.ttf */; };
		D0AEAB8F2A937469002D24A6 /* Rubik-ExtraBold.ttf in Resources */ = {isa = PBXBuildFile; fileRef = D0AEAB7F2A9372AE002D24A6 /* Rubik-ExtraBold.ttf */; };
		D0AEAB902A937469002D24A6 /* Rubik-ExtraBoldItalic.ttf in Resources */ = {isa = PBXBuildFile; fileRef = D0AEAB812A9372AE002D24A6 /* Rubik-ExtraBoldItalic.ttf */; };
		D0AEAB912A937469002D24A6 /* Rubik-Italic.ttf in Resources */ = {isa = PBXBuildFile; fileRef = D0AEAB802A9372AE002D24A6 /* Rubik-Italic.ttf */; };
		D0AEAB922A937469002D24A6 /* Rubik-Light.ttf in Resources */ = {isa = PBXBuildFile; fileRef = D0AEAB862A9372AE002D24A6 /* Rubik-Light.ttf */; };
		D0AEAB932A937469002D24A6 /* Rubik-LightItalic.ttf in Resources */ = {isa = PBXBuildFile; fileRef = D0AEAB822A9372AE002D24A6 /* Rubik-LightItalic.ttf */; };
		D0AEAB942A937469002D24A6 /* Rubik-Medium.ttf in Resources */ = {isa = PBXBuildFile; fileRef = D0AEAB7E2A9372AE002D24A6 /* Rubik-Medium.ttf */; };
		D0AEAB952A937469002D24A6 /* Rubik-MediumItalic.ttf in Resources */ = {isa = PBXBuildFile; fileRef = D0AEAB832A9372AE002D24A6 /* Rubik-MediumItalic.ttf */; };
		D0AEAB962A937469002D24A6 /* Rubik-Regular.ttf in Resources */ = {isa = PBXBuildFile; fileRef = D0AEAB842A9372AE002D24A6 /* Rubik-Regular.ttf */; };
		D0AEAB972A937469002D24A6 /* Rubik-SemiBold.ttf in Resources */ = {isa = PBXBuildFile; fileRef = D0AEAB882A9372AE002D24A6 /* Rubik-SemiBold.ttf */; };
		D0AEAB982A937469002D24A6 /* Rubik-SemiBoldItalic.ttf in Resources */ = {isa = PBXBuildFile; fileRef = D0AEAB8A2A9372AE002D24A6 /* Rubik-SemiBoldItalic.ttf */; };
		D0B3B6B72BCFE2990067FF21 /* StreakVC.swift in Sources */ = {isa = PBXBuildFile; fileRef = D0B3B6B62BCFE2990067FF21 /* StreakVC.swift */; };
		D0B3B6BA2BCFEB520067FF21 /* CalendarCell.xib in Resources */ = {isa = PBXBuildFile; fileRef = D0B3B6B92BCFEB520067FF21 /* CalendarCell.xib */; };
		D0B3B6BB2BCFEB520067FF21 /* CalendarCell.swift in Sources */ = {isa = PBXBuildFile; fileRef = D0B3B6B82BCFEB520067FF21 /* CalendarCell.swift */; };
		D0B3B6BD2BCFEF7A0067FF21 /* CalendarHelper.swift in Sources */ = {isa = PBXBuildFile; fileRef = D0B3B6BC2BCFEF7A0067FF21 /* CalendarHelper.swift */; };
		D0D1339D2B71148500B780AF /* ShareNoteVC.swift in Sources */ = {isa = PBXBuildFile; fileRef = D0D1339C2B71148500B780AF /* ShareNoteVC.swift */; };
		D0EA83B12B49D2C600C4BE4C /* FriendsNoteVC.swift in Sources */ = {isa = PBXBuildFile; fileRef = D0EA83B02B49D2C600C4BE4C /* FriendsNoteVC.swift */; };
		D0EEC2A82BF1E1BE00698373 /* ShareViewController.swift in Sources */ = {isa = PBXBuildFile; fileRef = D0EEC2A72BF1E1BE00698373 /* ShareViewController.swift */; };
		D0EEC2AB2BF1E1BE00698373 /* Base in Resources */ = {isa = PBXBuildFile; fileRef = D0EEC2AA2BF1E1BE00698373 /* Base */; };
		D0EEC2AF2BF1E1BE00698373 /* Natomic Share.appex in Embed Foundation Extensions */ = {isa = PBXBuildFile; fileRef = D0EEC2A52BF1E1BE00698373 /* Natomic Share.appex */; settings = {ATTRIBUTES = (RemoveHeadersOnCopy, ); }; };
		D0F0E5D42BBFCD7400A64780 /* NoteCollectionViewCell.xib in Resources */ = {isa = PBXBuildFile; fileRef = D0F0E5D32BBFCD7400A64780 /* NoteCollectionViewCell.xib */; };
		D0F0E5D52BBFCD7400A64780 /* NoteCollectionViewCell.swift in Sources */ = {isa = PBXBuildFile; fileRef = D0F0E5D22BBFCD7400A64780 /* NoteCollectionViewCell.swift */; };
		D0F843892AD7B8F400288F19 /* DatabaseHelper.swift in Sources */ = {isa = PBXBuildFile; fileRef = D0F843882AD7B8F400288F19 /* DatabaseHelper.swift */; };
		D0F8438B2AD7B9A300288F19 /* UserNoteModel.swift in Sources */ = {isa = PBXBuildFile; fileRef = D0F8438A2AD7B9A300288F19 /* UserNoteModel.swift */; };
/* End PBXBuildFile section */

/* Begin PBXContainerItemProxy section */
		D05D88372BA183E900854FDB /* PBXContainerItemProxy */ = {
			isa = PBXContainerItemProxy;
			containerPortal = 04AE06982A45798300FC4BA1 /* Project object */;
			proxyType = 1;
			remoteGlobalIDString = D05D88292BA183E700854FDB;
			remoteInfo = "Natomic WidgetExtension";
		};
		D0EEC2AD2BF1E1BE00698373 /* PBXContainerItemProxy */ = {
			isa = PBXContainerItemProxy;
			containerPortal = 04AE06982A45798300FC4BA1 /* Project object */;
			proxyType = 1;
			remoteGlobalIDString = D0EEC2A42BF1E1BE00698373;
			remoteInfo = "Natomic Share";
		};
/* End PBXContainerItemProxy section */

/* Begin PBXCopyFilesBuildPhase section */
		D05D883A2BA183E900854FDB /* Embed Foundation Extensions */ = {
			isa = PBXCopyFilesBuildPhase;
			buildActionMask = 2147483647;
			dstPath = "";
			dstSubfolderSpec = 13;
			files = (
				D05D88392BA183E900854FDB /* Natomic WidgetExtension.appex in Embed Foundation Extensions */,
				D0EEC2AF2BF1E1BE00698373 /* Natomic Share.appex in Embed Foundation Extensions */,
			);
			name = "Embed Foundation Extensions";
			runOnlyForDeploymentPostprocessing = 0;
		};
/* End PBXCopyFilesBuildPhase section */

/* Begin PBXFileReference section */
		041FF0C32A70CFD300E98018 /* TestView.xib */ = {isa = PBXFileReference; lastKnownFileType = file.xib; path = TestView.xib; sourceTree = "<group>"; };
		041FF0C52A70CFDC00E98018 /* TestView.swift */ = {isa = PBXFileReference; lastKnownFileType = sourcecode.swift; path = TestView.swift; sourceTree = "<group>"; };
		041FF0C72A70EFE400E98018 /* SignUpVC.swift */ = {isa = PBXFileReference; lastKnownFileType = sourcecode.swift; path = SignUpVC.swift; sourceTree = "<group>"; };
		041FF0C92A711CF300E98018 /* SubscriptionVC.swift */ = {isa = PBXFileReference; lastKnownFileType = sourcecode.swift; path = SubscriptionVC.swift; sourceTree = "<group>"; };
		0436AED92A6FBE3B00459DD8 /* TimePickerView.swift */ = {isa = PBXFileReference; lastKnownFileType = sourcecode.swift; path = TimePickerView.swift; sourceTree = "<group>"; };
		0436AEDB2A6FBE4C00459DD8 /* TimePickerView.xib */ = {isa = PBXFileReference; lastKnownFileType = file.xib; path = TimePickerView.xib; sourceTree = "<group>"; };
		043810142A7A369D00102547 /* TextDetailVC.swift */ = {isa = PBXFileReference; lastKnownFileType = sourcecode.swift; path = TextDetailVC.swift; sourceTree = "<group>"; };
		043810162A7A3A5000102547 /* SpringAnimator.swift */ = {isa = PBXFileReference; lastKnownFileType = sourcecode.swift; path = SpringAnimator.swift; sourceTree = "<group>"; };
		043810182A7A3C0500102547 /* AlertBase.swift */ = {isa = PBXFileReference; lastKnownFileType = sourcecode.swift; path = AlertBase.swift; sourceTree = "<group>"; };
		0438C0A22A77B5EC009F9902 /* NotificationTimeVC.swift */ = {isa = PBXFileReference; lastKnownFileType = sourcecode.swift; path = NotificationTimeVC.swift; sourceTree = "<group>"; };
		04644FF12A69225B00ABC01F /* IntroVC.swift */ = {isa = PBXFileReference; lastKnownFileType = sourcecode.swift; path = IntroVC.swift; sourceTree = "<group>"; };
		04644FF32A69240500ABC01F /* Constant.swift */ = {isa = PBXFileReference; lastKnownFileType = sourcecode.swift; path = Constant.swift; sourceTree = "<group>"; };
		04666A3B2A6E3C9C003BC9CB /* WritingVC.swift */ = {isa = PBXFileReference; lastKnownFileType = sourcecode.swift; path = WritingVC.swift; sourceTree = "<group>"; };
		04666A3E2A6E6E92003BC9CB /* HistoryTableCell.swift */ = {isa = PBXFileReference; lastKnownFileType = sourcecode.swift; path = HistoryTableCell.swift; sourceTree = "<group>"; };
		04666A3F2A6E6E92003BC9CB /* HistoryTableCell.xib */ = {isa = PBXFileReference; lastKnownFileType = file.xib; path = HistoryTableCell.xib; sourceTree = "<group>"; };
		04AE06A02A45798300FC4BA1 /* Natomic.app */ = {isa = PBXFileReference; explicitFileType = wrapper.application; includeInIndex = 0; path = Natomic.app; sourceTree = BUILT_PRODUCTS_DIR; };
		04AE06A32A45798300FC4BA1 /* AppDelegate.swift */ = {isa = PBXFileReference; lastKnownFileType = sourcecode.swift; path = AppDelegate.swift; sourceTree = "<group>"; };
		04AE06A52A45798300FC4BA1 /* SceneDelegate.swift */ = {isa = PBXFileReference; lastKnownFileType = sourcecode.swift; path = SceneDelegate.swift; sourceTree = "<group>"; };
		04AE06A72A45798300FC4BA1 /* SplashVC.swift */ = {isa = PBXFileReference; lastKnownFileType = sourcecode.swift; path = SplashVC.swift; sourceTree = "<group>"; };
		04AE06AA2A45798300FC4BA1 /* Base */ = {isa = PBXFileReference; lastKnownFileType = file.storyboard; name = Base; path = Base.lproj/Main.storyboard; sourceTree = "<group>"; };
		04AE06AD2A45798300FC4BA1 /* Natomic.xcdatamodel */ = {isa = PBXFileReference; lastKnownFileType = wrapper.xcdatamodel; path = Natomic.xcdatamodel; sourceTree = "<group>"; };
		04AE06AF2A45798300FC4BA1 /* Assets.xcassets */ = {isa = PBXFileReference; lastKnownFileType = folder.assetcatalog; path = Assets.xcassets; sourceTree = "<group>"; };
		04AE06B22A45798300FC4BA1 /* Base */ = {isa = PBXFileReference; lastKnownFileType = file.storyboard; name = Base; path = Base.lproj/LaunchScreen.storyboard; sourceTree = "<group>"; };
		04AE06B42A45798300FC4BA1 /* Info.plist */ = {isa = PBXFileReference; lastKnownFileType = text.plist.xml; path = Info.plist; sourceTree = "<group>"; };
		04AE06BA2A457C2E00FC4BA1 /* DatabaseManager.swift */ = {isa = PBXFileReference; lastKnownFileType = sourcecode.swift; path = DatabaseManager.swift; sourceTree = "<group>"; };
		04AE06BC2A457C7500FC4BA1 /* UserModel.swift */ = {isa = PBXFileReference; lastKnownFileType = sourcecode.swift; path = UserModel.swift; sourceTree = "<group>"; };
		04AFFCCD2A6935C100FCCCAD /* UIViewExtension.swift */ = {isa = PBXFileReference; fileEncoding = 4; lastKnownFileType = sourcecode.swift; path = UIViewExtension.swift; sourceTree = "<group>"; };
		04BEBAB62A67ECF00050A013 /* HomeVC.swift */ = {isa = PBXFileReference; lastKnownFileType = sourcecode.swift; path = HomeVC.swift; sourceTree = "<group>"; };
		04BEBAB82A67F1B30050A013 /* MenuVC.swift */ = {isa = PBXFileReference; lastKnownFileType = sourcecode.swift; path = MenuVC.swift; sourceTree = "<group>"; };
		04F4B5FB2A497E910085D4A8 /* Global.swift */ = {isa = PBXFileReference; lastKnownFileType = sourcecode.swift; path = Global.swift; sourceTree = "<group>"; };
		2C41AB70777013A44E6E6A0E /* Pods-Natomic.release.xcconfig */ = {isa = PBXFileReference; includeInIndex = 1; lastKnownFileType = text.xcconfig; name = "Pods-Natomic.release.xcconfig"; path = "Target Support Files/Pods-Natomic/Pods-Natomic.release.xcconfig"; sourceTree = "<group>"; };
		CF7360E94DC07D62C491D7A5 /* Pods-Natomic.debug.xcconfig */ = {isa = PBXFileReference; includeInIndex = 1; lastKnownFileType = text.xcconfig; name = "Pods-Natomic.debug.xcconfig"; path = "Target Support Files/Pods-Natomic/Pods-Natomic.debug.xcconfig"; sourceTree = "<group>"; };
		D01981772A98B20B003E45B8 /* WrirtingAlertVC.swift */ = {isa = PBXFileReference; lastKnownFileType = sourcecode.swift; path = WrirtingAlertVC.swift; sourceTree = "<group>"; };
		D01ED9F92B4016D500CD7A11 /* Natomic.entitlements */ = {isa = PBXFileReference; lastKnownFileType = text.plist.entitlements; path = Natomic.entitlements; sourceTree = "<group>"; };
		D01ED9FA2B401C5E00CD7A11 /* GoogleService-Info.plist */ = {isa = PBXFileReference; fileEncoding = 4; lastKnownFileType = text.plist.xml; path = "GoogleService-Info.plist"; sourceTree = "<group>"; };
		D02003242B3A969F00A34693 /* Loader.swift */ = {isa = PBXFileReference; lastKnownFileType = sourcecode.swift; path = Loader.swift; sourceTree = "<group>"; };
		D02F2EE52B91DF7C008036C8 /* ThemeHeaderCell.swift */ = {isa = PBXFileReference; lastKnownFileType = sourcecode.swift; path = ThemeHeaderCell.swift; sourceTree = "<group>"; };
		D02F2EE62B91DF7C008036C8 /* ThemeHeaderCell.xib */ = {isa = PBXFileReference; lastKnownFileType = file.xib; path = ThemeHeaderCell.xib; sourceTree = "<group>"; };
		D02F2EE92B91EA29008036C8 /* ThemeTableViewCell.swift */ = {isa = PBXFileReference; lastKnownFileType = sourcecode.swift; path = ThemeTableViewCell.swift; sourceTree = "<group>"; };
		D02F2EEA2B91EA29008036C8 /* ThemeTableViewCell.xib */ = {isa = PBXFileReference; lastKnownFileType = file.xib; path = ThemeTableViewCell.xib; sourceTree = "<group>"; };
		D0340C982B43FED200C9EDC7 /* DeleteAccountAlertVC.swift */ = {isa = PBXFileReference; lastKnownFileType = sourcecode.swift; path = DeleteAccountAlertVC.swift; sourceTree = "<group>"; };
		D03FAA0F2A989B5600615426 /* MenuTableViewCell.swift */ = {isa = PBXFileReference; lastKnownFileType = sourcecode.swift; path = MenuTableViewCell.swift; sourceTree = "<group>"; };
		D03FAA102A989B5600615426 /* MenuTableViewCell.xib */ = {isa = PBXFileReference; lastKnownFileType = file.xib; path = MenuTableViewCell.xib; sourceTree = "<group>"; };
		D03FAA132A989DF400615426 /* Menu.swift */ = {isa = PBXFileReference; lastKnownFileType = sourcecode.swift; path = Menu.swift; sourceTree = "<group>"; };
		D03FAA152A98A98E00615426 /* WelcomeVC.swift */ = {isa = PBXFileReference; lastKnownFileType = sourcecode.swift; path = WelcomeVC.swift; sourceTree = "<group>"; };
		D0403D3B2B7213EC00C2DE67 /* ShareImageVC.swift */ = {isa = PBXFileReference; lastKnownFileType = sourcecode.swift; path = ShareImageVC.swift; sourceTree = "<group>"; };
		D0403D3E2B7216BD00C2DE67 /* ImageThemeCollectionViewCell.swift */ = {isa = PBXFileReference; lastKnownFileType = sourcecode.swift; path = ImageThemeCollectionViewCell.swift; sourceTree = "<group>"; };
		D0403D3F2B7216BD00C2DE67 /* ImageThemeCollectionViewCell.xib */ = {isa = PBXFileReference; lastKnownFileType = file.xib; path = ImageThemeCollectionViewCell.xib; sourceTree = "<group>"; };
		D0403D422B721E2C00C2DE67 /* ImageTheameModel.swift */ = {isa = PBXFileReference; lastKnownFileType = sourcecode.swift; path = ImageTheameModel.swift; sourceTree = "<group>"; };
		D05D882A2BA183E700854FDB /* Natomic WidgetExtension.appex */ = {isa = PBXFileReference; explicitFileType = "wrapper.app-extension"; includeInIndex = 0; path = "Natomic WidgetExtension.appex"; sourceTree = BUILT_PRODUCTS_DIR; };
		D05D882B2BA183E700854FDB /* WidgetKit.framework */ = {isa = PBXFileReference; lastKnownFileType = wrapper.framework; name = WidgetKit.framework; path = System/Library/Frameworks/WidgetKit.framework; sourceTree = SDKROOT; };
		D05D882D2BA183E700854FDB /* SwiftUI.framework */ = {isa = PBXFileReference; lastKnownFileType = wrapper.framework; name = SwiftUI.framework; path = System/Library/Frameworks/SwiftUI.framework; sourceTree = SDKROOT; };
		D05D88302BA183E700854FDB /* Natomic_WidgetBundle.swift */ = {isa = PBXFileReference; lastKnownFileType = sourcecode.swift; path = Natomic_WidgetBundle.swift; sourceTree = "<group>"; };
		D05D88322BA183E700854FDB /* Natomic_Widget.swift */ = {isa = PBXFileReference; lastKnownFileType = sourcecode.swift; path = Natomic_Widget.swift; sourceTree = "<group>"; };
		D05D88342BA183E900854FDB /* Assets.xcassets */ = {isa = PBXFileReference; lastKnownFileType = folder.assetcatalog; path = Assets.xcassets; sourceTree = "<group>"; };
		D05D88362BA183E900854FDB /* Info.plist */ = {isa = PBXFileReference; lastKnownFileType = text.plist.xml; path = Info.plist; sourceTree = "<group>"; };
		D05D883E2BA1843900854FDB /* Natomic WidgetExtension.entitlements */ = {isa = PBXFileReference; lastKnownFileType = text.plist.entitlements; path = "Natomic WidgetExtension.entitlements"; sourceTree = "<group>"; };
		D05D883F2BA1847E00854FDB /* SharedUserDefaults.swift */ = {isa = PBXFileReference; fileEncoding = 4; lastKnownFileType = sourcecode.swift; path = SharedUserDefaults.swift; sourceTree = "<group>"; };
		D05DEBAD2AA071B100792DB6 /* TextOpenVC.swift */ = {isa = PBXFileReference; lastKnownFileType = sourcecode.swift; path = TextOpenVC.swift; sourceTree = "<group>"; };
		D0622CD12BC5589F00A1973D /* TrackEvent.swift */ = {isa = PBXFileReference; lastKnownFileType = sourcecode.swift; path = TrackEvent.swift; sourceTree = "<group>"; };
		D06A938D2AE65EF900DF166F /* Reachability.swift */ = {isa = PBXFileReference; fileEncoding = 4; lastKnownFileType = sourcecode.swift; path = Reachability.swift; sourceTree = "<group>"; };
		D07F85852B51431200409130 /* ImageConvertVC.swift */ = {isa = PBXFileReference; lastKnownFileType = sourcecode.swift; path = ImageConvertVC.swift; sourceTree = "<group>"; };
		D08548C02B5FEEBC00B5377D /* EditDeleteTableView.swift */ = {isa = PBXFileReference; fileEncoding = 4; lastKnownFileType = sourcecode.swift; path = EditDeleteTableView.swift; sourceTree = "<group>"; };
		D08548C12B5FEEBD00B5377D /* EditDeleteTableView.xib */ = {isa = PBXFileReference; fileEncoding = 4; lastKnownFileType = file.xib; path = EditDeleteTableView.xib; sourceTree = "<group>"; };
		D09F2C5F2B60DB8200F6073D /* EditNoteVC.swift */ = {isa = PBXFileReference; fileEncoding = 4; lastKnownFileType = sourcecode.swift; path = EditNoteVC.swift; sourceTree = "<group>"; };
		D0A06EFF2A98CD4300DA36E8 /* FeedbackVC.swift */ = {isa = PBXFileReference; lastKnownFileType = sourcecode.swift; path = FeedbackVC.swift; sourceTree = "<group>"; };
		D0A06F012A98D25600DA36E8 /* SuccessFeedbackVC.swift */ = {isa = PBXFileReference; lastKnownFileType = sourcecode.swift; path = SuccessFeedbackVC.swift; sourceTree = "<group>"; };
		D0AEAB762A9356D1002D24A6 /* SetReminderAlertVC.swift */ = {isa = PBXFileReference; lastKnownFileType = sourcecode.swift; path = SetReminderAlertVC.swift; sourceTree = "<group>"; };
		D0AEAB7D2A9372AE002D24A6 /* Rubik-BlackItalic.ttf */ = {isa = PBXFileReference; lastKnownFileType = file; path = "Rubik-BlackItalic.ttf"; sourceTree = "<group>"; };
		D0AEAB7E2A9372AE002D24A6 /* Rubik-Medium.ttf */ = {isa = PBXFileReference; lastKnownFileType = file; path = "Rubik-Medium.ttf"; sourceTree = "<group>"; };
		D0AEAB7F2A9372AE002D24A6 /* Rubik-ExtraBold.ttf */ = {isa = PBXFileReference; lastKnownFileType = file; path = "Rubik-ExtraBold.ttf"; sourceTree = "<group>"; };
		D0AEAB802A9372AE002D24A6 /* Rubik-Italic.ttf */ = {isa = PBXFileReference; lastKnownFileType = file; path = "Rubik-Italic.ttf"; sourceTree = "<group>"; };
		D0AEAB812A9372AE002D24A6 /* Rubik-ExtraBoldItalic.ttf */ = {isa = PBXFileReference; lastKnownFileType = file; path = "Rubik-ExtraBoldItalic.ttf"; sourceTree = "<group>"; };
		D0AEAB822A9372AE002D24A6 /* Rubik-LightItalic.ttf */ = {isa = PBXFileReference; lastKnownFileType = file; path = "Rubik-LightItalic.ttf"; sourceTree = "<group>"; };
		D0AEAB832A9372AE002D24A6 /* Rubik-MediumItalic.ttf */ = {isa = PBXFileReference; lastKnownFileType = file; path = "Rubik-MediumItalic.ttf"; sourceTree = "<group>"; };
		D0AEAB842A9372AE002D24A6 /* Rubik-Regular.ttf */ = {isa = PBXFileReference; lastKnownFileType = file; path = "Rubik-Regular.ttf"; sourceTree = "<group>"; };
		D0AEAB852A9372AE002D24A6 /* Rubik-Bold.ttf */ = {isa = PBXFileReference; lastKnownFileType = file; path = "Rubik-Bold.ttf"; sourceTree = "<group>"; };
		D0AEAB862A9372AE002D24A6 /* Rubik-Light.ttf */ = {isa = PBXFileReference; lastKnownFileType = file; path = "Rubik-Light.ttf"; sourceTree = "<group>"; };
		D0AEAB872A9372AE002D24A6 /* Rubik-BoldItalic.ttf */ = {isa = PBXFileReference; lastKnownFileType = file; path = "Rubik-BoldItalic.ttf"; sourceTree = "<group>"; };
		D0AEAB882A9372AE002D24A6 /* Rubik-SemiBold.ttf */ = {isa = PBXFileReference; lastKnownFileType = file; path = "Rubik-SemiBold.ttf"; sourceTree = "<group>"; };
		D0AEAB892A9372AE002D24A6 /* Rubik-Black.ttf */ = {isa = PBXFileReference; lastKnownFileType = file; path = "Rubik-Black.ttf"; sourceTree = "<group>"; };
		D0AEAB8A2A9372AE002D24A6 /* Rubik-SemiBoldItalic.ttf */ = {isa = PBXFileReference; lastKnownFileType = file; path = "Rubik-SemiBoldItalic.ttf"; sourceTree = "<group>"; };
		D0B3B6B62BCFE2990067FF21 /* StreakVC.swift */ = {isa = PBXFileReference; lastKnownFileType = sourcecode.swift; path = StreakVC.swift; sourceTree = "<group>"; };
		D0B3B6B82BCFEB520067FF21 /* CalendarCell.swift */ = {isa = PBXFileReference; lastKnownFileType = sourcecode.swift; path = CalendarCell.swift; sourceTree = "<group>"; };
		D0B3B6B92BCFEB520067FF21 /* CalendarCell.xib */ = {isa = PBXFileReference; lastKnownFileType = file.xib; path = CalendarCell.xib; sourceTree = "<group>"; };
		D0B3B6BC2BCFEF7A0067FF21 /* CalendarHelper.swift */ = {isa = PBXFileReference; lastKnownFileType = sourcecode.swift; path = CalendarHelper.swift; sourceTree = "<group>"; };
		D0D1339C2B71148500B780AF /* ShareNoteVC.swift */ = {isa = PBXFileReference; lastKnownFileType = sourcecode.swift; path = ShareNoteVC.swift; sourceTree = "<group>"; };
		D0EA83B02B49D2C600C4BE4C /* FriendsNoteVC.swift */ = {isa = PBXFileReference; lastKnownFileType = sourcecode.swift; path = FriendsNoteVC.swift; sourceTree = "<group>"; };
		D0EEC2A52BF1E1BE00698373 /* Natomic Share.appex */ = {isa = PBXFileReference; explicitFileType = "wrapper.app-extension"; includeInIndex = 0; path = "Natomic Share.appex"; sourceTree = BUILT_PRODUCTS_DIR; };
		D0EEC2A72BF1E1BE00698373 /* ShareViewController.swift */ = {isa = PBXFileReference; lastKnownFileType = sourcecode.swift; path = ShareViewController.swift; sourceTree = "<group>"; };
		D0EEC2AA2BF1E1BE00698373 /* Base */ = {isa = PBXFileReference; lastKnownFileType = file.storyboard; name = Base; path = Base.lproj/MainInterface.storyboard; sourceTree = "<group>"; };
		D0EEC2AC2BF1E1BE00698373 /* Info.plist */ = {isa = PBXFileReference; lastKnownFileType = text.plist.xml; path = Info.plist; sourceTree = "<group>"; };
		D0EEC2B32BF1F45D00698373 /* Natomic Share.entitlements */ = {isa = PBXFileReference; lastKnownFileType = text.plist.entitlements; path = "Natomic Share.entitlements"; sourceTree = "<group>"; };
		D0F0E5D22BBFCD7400A64780 /* NoteCollectionViewCell.swift */ = {isa = PBXFileReference; lastKnownFileType = sourcecode.swift; path = NoteCollectionViewCell.swift; sourceTree = "<group>"; };
		D0F0E5D32BBFCD7400A64780 /* NoteCollectionViewCell.xib */ = {isa = PBXFileReference; lastKnownFileType = file.xib; path = NoteCollectionViewCell.xib; sourceTree = "<group>"; };
		D0F843882AD7B8F400288F19 /* DatabaseHelper.swift */ = {isa = PBXFileReference; lastKnownFileType = sourcecode.swift; path = DatabaseHelper.swift; sourceTree = "<group>"; };
		D0F8438A2AD7B9A300288F19 /* UserNoteModel.swift */ = {isa = PBXFileReference; fileEncoding = 4; lastKnownFileType = sourcecode.swift; path = UserNoteModel.swift; sourceTree = "<group>"; };
		FDAF64CC20DBDFA96CB7FCFF /* Pods_Natomic.framework */ = {isa = PBXFileReference; explicitFileType = wrapper.framework; includeInIndex = 0; path = Pods_Natomic.framework; sourceTree = BUILT_PRODUCTS_DIR; };
/* End PBXFileReference section */

/* Begin PBXFrameworksBuildPhase section */
		04AE069D2A45798300FC4BA1 /* Frameworks */ = {
			isa = PBXFrameworksBuildPhase;
			buildActionMask = 2147483647;
			files = (
				CA717955E9CF1D20D102798A /* Pods_Natomic.framework in Frameworks */,
			);
			runOnlyForDeploymentPostprocessing = 0;
		};
		D05D88272BA183E700854FDB /* Frameworks */ = {
			isa = PBXFrameworksBuildPhase;
			buildActionMask = 2147483647;
			files = (
				D05D882E2BA183E700854FDB /* SwiftUI.framework in Frameworks */,
				D05D882C2BA183E700854FDB /* WidgetKit.framework in Frameworks */,
			);
			runOnlyForDeploymentPostprocessing = 0;
		};
		D0EEC2A22BF1E1BE00698373 /* Frameworks */ = {
			isa = PBXFrameworksBuildPhase;
			buildActionMask = 2147483647;
			files = (
			);
			runOnlyForDeploymentPostprocessing = 0;
		};
/* End PBXFrameworksBuildPhase section */

/* Begin PBXGroup section */
		04666A3D2A6E6E63003BC9CB /* TableViewCells */ = {
			isa = PBXGroup;
			children = (
				04666A3E2A6E6E92003BC9CB /* HistoryTableCell.swift */,
				04666A3F2A6E6E92003BC9CB /* HistoryTableCell.xib */,
				D03FAA0F2A989B5600615426 /* MenuTableViewCell.swift */,
				D03FAA102A989B5600615426 /* MenuTableViewCell.xib */,
				D02F2EE92B91EA29008036C8 /* ThemeTableViewCell.swift */,
				D02F2EEA2B91EA29008036C8 /* ThemeTableViewCell.xib */,
			);
			path = TableViewCells;
			sourceTree = "<group>";
		};
		04AE06972A45798200FC4BA1 = {
			isa = PBXGroup;
			children = (
				D05D883E2BA1843900854FDB /* Natomic WidgetExtension.entitlements */,
				04AE06A22A45798300FC4BA1 /* Natomic */,
				D05D882F2BA183E700854FDB /* Natomic Widget */,
				D0EEC2A62BF1E1BE00698373 /* Natomic Share */,
				04AE06A12A45798300FC4BA1 /* Products */,
				608B2EE5B055CD9D622C26E6 /* Pods */,
				6CC237C3DE3A2D618805ACB8 /* Frameworks */,
			);
			sourceTree = "<group>";
		};
		04AE06A12A45798300FC4BA1 /* Products */ = {
			isa = PBXGroup;
			children = (
				04AE06A02A45798300FC4BA1 /* Natomic.app */,
				D05D882A2BA183E700854FDB /* Natomic WidgetExtension.appex */,
				D0EEC2A52BF1E1BE00698373 /* Natomic Share.appex */,
			);
			name = Products;
			sourceTree = "<group>";
		};
		04AE06A22A45798300FC4BA1 /* Natomic */ = {
			isa = PBXGroup;
			children = (
				D01ED9F92B4016D500CD7A11 /* Natomic.entitlements */,
				04B999152A54050200C4BC6B /* Delegates */,
				04B999162A54051100C4BC6B /* HelperFiles */,
				04B999172A54051E00C4BC6B /* Model */,
				04B9991A2A54056F00C4BC6B /* Views */,
				04B999182A54052600C4BC6B /* Controllers */,
				04B999192A54053C00C4BC6B /* Storyboards */,
				04BEBABA2A67F2F50050A013 /* Asset */,
				04AE06AF2A45798300FC4BA1 /* Assets.xcassets */,
				04AE06B42A45798300FC4BA1 /* Info.plist */,
				D01ED9FA2B401C5E00CD7A11 /* GoogleService-Info.plist */,
				04AE06AC2A45798300FC4BA1 /* Natomic.xcdatamodeld */,
			);
			path = Natomic;
			sourceTree = "<group>";
		};
		04B999152A54050200C4BC6B /* Delegates */ = {
			isa = PBXGroup;
			children = (
				04AE06A32A45798300FC4BA1 /* AppDelegate.swift */,
				04AE06A52A45798300FC4BA1 /* SceneDelegate.swift */,
			);
			path = Delegates;
			sourceTree = "<group>";
		};
		04B999162A54051100C4BC6B /* HelperFiles */ = {
			isa = PBXGroup;
			children = (
				04644FF32A69240500ABC01F /* Constant.swift */,
				04F4B5FB2A497E910085D4A8 /* Global.swift */,
				04AE06BA2A457C2E00FC4BA1 /* DatabaseManager.swift */,
				04AFFCCD2A6935C100FCCCAD /* UIViewExtension.swift */,
				043810162A7A3A5000102547 /* SpringAnimator.swift */,
				043810182A7A3C0500102547 /* AlertBase.swift */,
				D0F843882AD7B8F400288F19 /* DatabaseHelper.swift */,
				D0F8438A2AD7B9A300288F19 /* UserNoteModel.swift */,
				D02003242B3A969F00A34693 /* Loader.swift */,
				D06A938D2AE65EF900DF166F /* Reachability.swift */,
				D05D883F2BA1847E00854FDB /* SharedUserDefaults.swift */,
				D0622CD12BC5589F00A1973D /* TrackEvent.swift */,
				D0B3B6BC2BCFEF7A0067FF21 /* CalendarHelper.swift */,
			);
			name = HelperFiles;
			sourceTree = "<group>";
		};
		04B999172A54051E00C4BC6B /* Model */ = {
			isa = PBXGroup;
			children = (
				04AE06BC2A457C7500FC4BA1 /* UserModel.swift */,
				D03FAA132A989DF400615426 /* Menu.swift */,
				D0403D422B721E2C00C2DE67 /* ImageTheameModel.swift */,
			);
			path = Model;
			sourceTree = "<group>";
		};
		04B999182A54052600C4BC6B /* Controllers */ = {
			isa = PBXGroup;
			children = (
				D0AEAB752A935460002D24A6 /* AlertVC */,
				D09F2C5F2B60DB8200F6073D /* EditNoteVC.swift */,
				D0A06EFF2A98CD4300DA36E8 /* FeedbackVC.swift */,
				D0EA83B02B49D2C600C4BE4C /* FriendsNoteVC.swift */,
				04BEBAB62A67ECF00050A013 /* HomeVC.swift */,
				D07F85852B51431200409130 /* ImageConvertVC.swift */,
				04644FF12A69225B00ABC01F /* IntroVC.swift */,
				04BEBAB82A67F1B30050A013 /* MenuVC.swift */,
				D0403D3B2B7213EC00C2DE67 /* ShareImageVC.swift */,
				D0D1339C2B71148500B780AF /* ShareNoteVC.swift */,
				041FF0C72A70EFE400E98018 /* SignUpVC.swift */,
				04AE06A72A45798300FC4BA1 /* SplashVC.swift */,
				041FF0C92A711CF300E98018 /* SubscriptionVC.swift */,
				D0A06F012A98D25600DA36E8 /* SuccessFeedbackVC.swift */,
				D05DEBAD2AA071B100792DB6 /* TextOpenVC.swift */,
				D03FAA152A98A98E00615426 /* WelcomeVC.swift */,
				04666A3B2A6E3C9C003BC9CB /* WritingVC.swift */,
				D0B3B6B62BCFE2990067FF21 /* StreakVC.swift */,
			);
			path = Controllers;
			sourceTree = "<group>";
		};
		04B999192A54053C00C4BC6B /* Storyboards */ = {
			isa = PBXGroup;
			children = (
				04AE06A92A45798300FC4BA1 /* Main.storyboard */,
				04AE06B12A45798300FC4BA1 /* LaunchScreen.storyboard */,
			);
			path = Storyboards;
			sourceTree = "<group>";
		};
		04B9991A2A54056F00C4BC6B /* Views */ = {
			isa = PBXGroup;
			children = (
				D08548C02B5FEEBC00B5377D /* EditDeleteTableView.swift */,
				D08548C12B5FEEBD00B5377D /* EditDeleteTableView.xib */,
				0436AED92A6FBE3B00459DD8 /* TimePickerView.swift */,
				0436AEDB2A6FBE4C00459DD8 /* TimePickerView.xib */,
				041FF0C52A70CFDC00E98018 /* TestView.swift */,
				041FF0C32A70CFD300E98018 /* TestView.xib */,
				D0403D3D2B72168F00C2DE67 /* CollectionViewCells */,
				04666A3D2A6E6E63003BC9CB /* TableViewCells */,
			);
			path = Views;
			sourceTree = "<group>";
		};
		04BEBABA2A67F2F50050A013 /* Asset */ = {
			isa = PBXGroup;
			children = (
				D0AEAB892A9372AE002D24A6 /* Rubik-Black.ttf */,
				D0AEAB7D2A9372AE002D24A6 /* Rubik-BlackItalic.ttf */,
				D0AEAB852A9372AE002D24A6 /* Rubik-Bold.ttf */,
				D0AEAB872A9372AE002D24A6 /* Rubik-BoldItalic.ttf */,
				D0AEAB7F2A9372AE002D24A6 /* Rubik-ExtraBold.ttf */,
				D0AEAB812A9372AE002D24A6 /* Rubik-ExtraBoldItalic.ttf */,
				D0AEAB802A9372AE002D24A6 /* Rubik-Italic.ttf */,
				D0AEAB862A9372AE002D24A6 /* Rubik-Light.ttf */,
				D0AEAB822A9372AE002D24A6 /* Rubik-LightItalic.ttf */,
				D0AEAB7E2A9372AE002D24A6 /* Rubik-Medium.ttf */,
				D0AEAB832A9372AE002D24A6 /* Rubik-MediumItalic.ttf */,
				D0AEAB842A9372AE002D24A6 /* Rubik-Regular.ttf */,
				D0AEAB882A9372AE002D24A6 /* Rubik-SemiBold.ttf */,
				D0AEAB8A2A9372AE002D24A6 /* Rubik-SemiBoldItalic.ttf */,
			);
			path = Asset;
			sourceTree = "<group>";
		};
		608B2EE5B055CD9D622C26E6 /* Pods */ = {
			isa = PBXGroup;
			children = (
				CF7360E94DC07D62C491D7A5 /* Pods-Natomic.debug.xcconfig */,
				2C41AB70777013A44E6E6A0E /* Pods-Natomic.release.xcconfig */,
			);
			path = Pods;
			sourceTree = "<group>";
		};
		6CC237C3DE3A2D618805ACB8 /* Frameworks */ = {
			isa = PBXGroup;
			children = (
				FDAF64CC20DBDFA96CB7FCFF /* Pods_Natomic.framework */,
				D05D882B2BA183E700854FDB /* WidgetKit.framework */,
				D05D882D2BA183E700854FDB /* SwiftUI.framework */,
			);
			name = Frameworks;
			sourceTree = "<group>";
		};
		D0403D3D2B72168F00C2DE67 /* CollectionViewCells */ = {
			isa = PBXGroup;
			children = (
				D0403D3E2B7216BD00C2DE67 /* ImageThemeCollectionViewCell.swift */,
				D0403D3F2B7216BD00C2DE67 /* ImageThemeCollectionViewCell.xib */,
				D02F2EE52B91DF7C008036C8 /* ThemeHeaderCell.swift */,
				D02F2EE62B91DF7C008036C8 /* ThemeHeaderCell.xib */,
				D0F0E5D22BBFCD7400A64780 /* NoteCollectionViewCell.swift */,
				D0F0E5D32BBFCD7400A64780 /* NoteCollectionViewCell.xib */,
				D0B3B6B82BCFEB520067FF21 /* CalendarCell.swift */,
				D0B3B6B92BCFEB520067FF21 /* CalendarCell.xib */,
			);
			path = CollectionViewCells;
			sourceTree = "<group>";
		};
		D05D882F2BA183E700854FDB /* Natomic Widget */ = {
			isa = PBXGroup;
			children = (
				D05D88302BA183E700854FDB /* Natomic_WidgetBundle.swift */,
				D05D88322BA183E700854FDB /* Natomic_Widget.swift */,
				D05D88342BA183E900854FDB /* Assets.xcassets */,
				D05D88362BA183E900854FDB /* Info.plist */,
			);
			path = "Natomic Widget";
			sourceTree = "<group>";
		};
		D0AEAB752A935460002D24A6 /* AlertVC */ = {
			isa = PBXGroup;
			children = (
				D0340C982B43FED200C9EDC7 /* DeleteAccountAlertVC.swift */,
				0438C0A22A77B5EC009F9902 /* NotificationTimeVC.swift */,
				D0AEAB762A9356D1002D24A6 /* SetReminderAlertVC.swift */,
				043810142A7A369D00102547 /* TextDetailVC.swift */,
				D01981772A98B20B003E45B8 /* WrirtingAlertVC.swift */,
			);
			path = AlertVC;
			sourceTree = "<group>";
		};
		D0EEC2A62BF1E1BE00698373 /* Natomic Share */ = {
			isa = PBXGroup;
			children = (
				D0EEC2B32BF1F45D00698373 /* Natomic Share.entitlements */,
				D0EEC2A72BF1E1BE00698373 /* ShareViewController.swift */,
				D0EEC2A92BF1E1BE00698373 /* MainInterface.storyboard */,
				D0EEC2AC2BF1E1BE00698373 /* Info.plist */,
			);
			path = "Natomic Share";
			sourceTree = "<group>";
		};
/* End PBXGroup section */

/* Begin PBXNativeTarget section */
		04AE069F2A45798300FC4BA1 /* Natomic */ = {
			isa = PBXNativeTarget;
			buildConfigurationList = 04AE06B72A45798300FC4BA1 /* Build configuration list for PBXNativeTarget "Natomic" */;
			buildPhases = (
				AC6688C110EEBAA16A40237A /* [CP] Check Pods Manifest.lock */,
				04AE069C2A45798300FC4BA1 /* Sources */,
				04AE069D2A45798300FC4BA1 /* Frameworks */,
				04AE069E2A45798300FC4BA1 /* Resources */,
				AB56161A4CDFD68FD2EB571D /* [CP] Embed Pods Frameworks */,
				D05D883A2BA183E900854FDB /* Embed Foundation Extensions */,
			);
			buildRules = (
			);
			dependencies = (
				D05D88382BA183E900854FDB /* PBXTargetDependency */,
				D0EEC2AE2BF1E1BE00698373 /* PBXTargetDependency */,
			);
			name = Natomic;
			productName = Natomic;
			productReference = 04AE06A02A45798300FC4BA1 /* Natomic.app */;
			productType = "com.apple.product-type.application";
		};
		D05D88292BA183E700854FDB /* Natomic WidgetExtension */ = {
			isa = PBXNativeTarget;
			buildConfigurationList = D05D883D2BA183E900854FDB /* Build configuration list for PBXNativeTarget "Natomic WidgetExtension" */;
			buildPhases = (
				D05D88262BA183E700854FDB /* Sources */,
				D05D88272BA183E700854FDB /* Frameworks */,
				D05D88282BA183E700854FDB /* Resources */,
			);
			buildRules = (
			);
			dependencies = (
			);
			name = "Natomic WidgetExtension";
			productName = "Natomic WidgetExtension";
			productReference = D05D882A2BA183E700854FDB /* Natomic WidgetExtension.appex */;
			productType = "com.apple.product-type.app-extension";
		};
		D0EEC2A42BF1E1BE00698373 /* Natomic Share */ = {
			isa = PBXNativeTarget;
			buildConfigurationList = D0EEC2B22BF1E1BF00698373 /* Build configuration list for PBXNativeTarget "Natomic Share" */;
			buildPhases = (
				D0EEC2A12BF1E1BE00698373 /* Sources */,
				D0EEC2A22BF1E1BE00698373 /* Frameworks */,
				D0EEC2A32BF1E1BE00698373 /* Resources */,
			);
			buildRules = (
			);
			dependencies = (
			);
			name = "Natomic Share";
			productName = "Natomic Share";
			productReference = D0EEC2A52BF1E1BE00698373 /* Natomic Share.appex */;
			productType = "com.apple.product-type.app-extension";
		};
/* End PBXNativeTarget section */

/* Begin PBXProject section */
		04AE06982A45798300FC4BA1 /* Project object */ = {
			isa = PBXProject;
			attributes = {
				BuildIndependentTargetsInParallel = 1;
				LastSwiftUpdateCheck = 1530;
				LastUpgradeCheck = 1320;
				TargetAttributes = {
					04AE069F2A45798300FC4BA1 = {
						CreatedOnToolsVersion = 13.2.1;
					};
					D05D88292BA183E700854FDB = {
						CreatedOnToolsVersion = 15.3;
					};
					D0EEC2A42BF1E1BE00698373 = {
						CreatedOnToolsVersion = 15.3;
					};
				};
			};
			buildConfigurationList = 04AE069B2A45798300FC4BA1 /* Build configuration list for PBXProject "Natomic" */;
			compatibilityVersion = "Xcode 13.0";
			developmentRegion = en;
			hasScannedForEncodings = 0;
			knownRegions = (
				en,
				Base,
			);
			mainGroup = 04AE06972A45798200FC4BA1;
			productRefGroup = 04AE06A12A45798300FC4BA1 /* Products */;
			projectDirPath = "";
			projectRoot = "";
			targets = (
				04AE069F2A45798300FC4BA1 /* Natomic */,
				D05D88292BA183E700854FDB /* Natomic WidgetExtension */,
				D0EEC2A42BF1E1BE00698373 /* Natomic Share */,
			);
		};
/* End PBXProject section */

/* Begin PBXResourcesBuildPhase section */
		04AE069E2A45798300FC4BA1 /* Resources */ = {
			isa = PBXResourcesBuildPhase;
			buildActionMask = 2147483647;
			files = (
				D0AEAB8B2A937469002D24A6 /* Rubik-Black.ttf in Resources */,
				D0F0E5D42BBFCD7400A64780 /* NoteCollectionViewCell.xib in Resources */,
				D0AEAB8C2A937469002D24A6 /* Rubik-BlackItalic.ttf in Resources */,
				D0B3B6BA2BCFEB520067FF21 /* CalendarCell.xib in Resources */,
				D0AEAB8D2A937469002D24A6 /* Rubik-Bold.ttf in Resources */,
				D0AEAB8E2A937469002D24A6 /* Rubik-BoldItalic.ttf in Resources */,
				D02F2EE82B91DF7C008036C8 /* ThemeHeaderCell.xib in Resources */,
				D0AEAB8F2A937469002D24A6 /* Rubik-ExtraBold.ttf in Resources */,
				D0AEAB902A937469002D24A6 /* Rubik-ExtraBoldItalic.ttf in Resources */,
				D02F2EEC2B91EA29008036C8 /* ThemeTableViewCell.xib in Resources */,
				D0AEAB912A937469002D24A6 /* Rubik-Italic.ttf in Resources */,
				D0AEAB922A937469002D24A6 /* Rubik-Light.ttf in Resources */,
				D01ED9FB2B401C5E00CD7A11 /* GoogleService-Info.plist in Resources */,
				D0AEAB932A937469002D24A6 /* Rubik-LightItalic.ttf in Resources */,
				D08548C32B5FEEBD00B5377D /* EditDeleteTableView.xib in Resources */,
				D0AEAB942A937469002D24A6 /* Rubik-Medium.ttf in Resources */,
				D0AEAB952A937469002D24A6 /* Rubik-MediumItalic.ttf in Resources */,
				D0AEAB962A937469002D24A6 /* Rubik-Regular.ttf in Resources */,
				D0AEAB972A937469002D24A6 /* Rubik-SemiBold.ttf in Resources */,
				D0AEAB982A937469002D24A6 /* Rubik-SemiBoldItalic.ttf in Resources */,
				04AE06B32A45798300FC4BA1 /* LaunchScreen.storyboard in Resources */,
				D03FAA122A989B5600615426 /* MenuTableViewCell.xib in Resources */,
				04AE06B02A45798300FC4BA1 /* Assets.xcassets in Resources */,
				04AE06AB2A45798300FC4BA1 /* Main.storyboard in Resources */,
				D0403D412B7216BD00C2DE67 /* ImageThemeCollectionViewCell.xib in Resources */,
				041FF0C42A70CFD300E98018 /* TestView.xib in Resources */,
				04666A412A6E6E92003BC9CB /* HistoryTableCell.xib in Resources */,
				0436AEDC2A6FBE4C00459DD8 /* TimePickerView.xib in Resources */,
			);
			runOnlyForDeploymentPostprocessing = 0;
		};
		D05D88282BA183E700854FDB /* Resources */ = {
			isa = PBXResourcesBuildPhase;
			buildActionMask = 2147483647;
			files = (
				D05D88352BA183E900854FDB /* Assets.xcassets in Resources */,
			);
			runOnlyForDeploymentPostprocessing = 0;
		};
		D0EEC2A32BF1E1BE00698373 /* Resources */ = {
			isa = PBXResourcesBuildPhase;
			buildActionMask = 2147483647;
			files = (
				D0EEC2AB2BF1E1BE00698373 /* Base in Resources */,
			);
			runOnlyForDeploymentPostprocessing = 0;
		};
/* End PBXResourcesBuildPhase section */

/* Begin PBXShellScriptBuildPhase section */
		AB56161A4CDFD68FD2EB571D /* [CP] Embed Pods Frameworks */ = {
			isa = PBXShellScriptBuildPhase;
			buildActionMask = 2147483647;
			files = (
			);
			inputFileListPaths = (
				"${PODS_ROOT}/Target Support Files/Pods-Natomic/Pods-Natomic-frameworks-${CONFIGURATION}-input-files.xcfilelist",
			);
			name = "[CP] Embed Pods Frameworks";
			outputFileListPaths = (
				"${PODS_ROOT}/Target Support Files/Pods-Natomic/Pods-Natomic-frameworks-${CONFIGURATION}-output-files.xcfilelist",
			);
			runOnlyForDeploymentPostprocessing = 0;
			shellPath = /bin/sh;
			shellScript = "\"${PODS_ROOT}/Target Support Files/Pods-Natomic/Pods-Natomic-frameworks.sh\"\n";
			showEnvVarsInLog = 0;
		};
		AC6688C110EEBAA16A40237A /* [CP] Check Pods Manifest.lock */ = {
			isa = PBXShellScriptBuildPhase;
			buildActionMask = 2147483647;
			files = (
			);
			inputFileListPaths = (
			);
			inputPaths = (
				"${PODS_PODFILE_DIR_PATH}/Podfile.lock",
				"${PODS_ROOT}/Manifest.lock",
			);
			name = "[CP] Check Pods Manifest.lock";
			outputFileListPaths = (
			);
			outputPaths = (
				"$(DERIVED_FILE_DIR)/Pods-Natomic-checkManifestLockResult.txt",
			);
			runOnlyForDeploymentPostprocessing = 0;
			shellPath = /bin/sh;
			shellScript = "diff \"${PODS_PODFILE_DIR_PATH}/Podfile.lock\" \"${PODS_ROOT}/Manifest.lock\" > /dev/null\nif [ $? != 0 ] ; then\n    # print error to STDERR\n    echo \"error: The sandbox is not in sync with the Podfile.lock. Run 'pod install' or update your CocoaPods installation.\" >&2\n    exit 1\nfi\n# This output is used by Xcode 'outputs' to avoid re-running this script phase.\necho \"SUCCESS\" > \"${SCRIPT_OUTPUT_FILE_0}\"\n";
			showEnvVarsInLog = 0;
		};
/* End PBXShellScriptBuildPhase section */

/* Begin PBXSourcesBuildPhase section */
		04AE069C2A45798300FC4BA1 /* Sources */ = {
			isa = PBXSourcesBuildPhase;
			buildActionMask = 2147483647;
			files = (
				D07F85862B51431200409130 /* ImageConvertVC.swift in Sources */,
				D08548C22B5FEEBD00B5377D /* EditDeleteTableView.swift in Sources */,
				D0622CD22BC5589F00A1973D /* TrackEvent.swift in Sources */,
				D0F843892AD7B8F400288F19 /* DatabaseHelper.swift in Sources */,
				04666A3C2A6E3C9C003BC9CB /* WritingVC.swift in Sources */,
				D0A06F022A98D25600DA36E8 /* SuccessFeedbackVC.swift in Sources */,
				D0403D3C2B7213EC00C2DE67 /* ShareImageVC.swift in Sources */,
				D0B3B6BD2BCFEF7A0067FF21 /* CalendarHelper.swift in Sources */,
				D0403D432B721E2C00C2DE67 /* ImageTheameModel.swift in Sources */,
				04AE06A82A45798300FC4BA1 /* SplashVC.swift in Sources */,
				D0EA83B12B49D2C600C4BE4C /* FriendsNoteVC.swift in Sources */,
				D03FAA112A989B5600615426 /* MenuTableViewCell.swift in Sources */,
				D0F0E5D52BBFCD7400A64780 /* NoteCollectionViewCell.swift in Sources */,
				043810172A7A3A5000102547 /* SpringAnimator.swift in Sources */,
				04BEBAB72A67ECF00050A013 /* HomeVC.swift in Sources */,
				D02F2EE72B91DF7C008036C8 /* ThemeHeaderCell.swift in Sources */,
				041FF0CA2A711CF300E98018 /* SubscriptionVC.swift in Sources */,
				D02003252B3A969F00A34693 /* Loader.swift in Sources */,
				04AE06A42A45798300FC4BA1 /* AppDelegate.swift in Sources */,
				D0AEAB772A9356D1002D24A6 /* SetReminderAlertVC.swift in Sources */,
				041FF0C62A70CFDC00E98018 /* TestView.swift in Sources */,
				D02F2EEB2B91EA29008036C8 /* ThemeTableViewCell.swift in Sources */,
				04BEBAB92A67F1B30050A013 /* MenuVC.swift in Sources */,
				04AE06A62A45798300FC4BA1 /* SceneDelegate.swift in Sources */,
				D09F2C602B60DB8200F6073D /* EditNoteVC.swift in Sources */,
				D01981782A98B20B003E45B8 /* WrirtingAlertVC.swift in Sources */,
				D0B3B6B72BCFE2990067FF21 /* StreakVC.swift in Sources */,
				04644FF22A69225B00ABC01F /* IntroVC.swift in Sources */,
				04AFFCCE2A6935C100FCCCAD /* UIViewExtension.swift in Sources */,
				043810152A7A369D00102547 /* TextDetailVC.swift in Sources */,
				D0B3B6BB2BCFEB520067FF21 /* CalendarCell.swift in Sources */,
				D03FAA142A989DF400615426 /* Menu.swift in Sources */,
				04AE06BB2A457C2E00FC4BA1 /* DatabaseManager.swift in Sources */,
				04666A402A6E6E92003BC9CB /* HistoryTableCell.swift in Sources */,
				D0F8438B2AD7B9A300288F19 /* UserNoteModel.swift in Sources */,
				D03FAA162A98A98E00615426 /* WelcomeVC.swift in Sources */,
				04AE06BD2A457C7500FC4BA1 /* UserModel.swift in Sources */,
				04644FF42A69240500ABC01F /* Constant.swift in Sources */,
				D0403D402B7216BD00C2DE67 /* ImageThemeCollectionViewCell.swift in Sources */,
				04AE06AE2A45798300FC4BA1 /* Natomic.xcdatamodeld in Sources */,
				D0D1339D2B71148500B780AF /* ShareNoteVC.swift in Sources */,
				043810192A7A3C0500102547 /* AlertBase.swift in Sources */,
				0436AEDA2A6FBE3B00459DD8 /* TimePickerView.swift in Sources */,
				04F4B5FC2A497E910085D4A8 /* Global.swift in Sources */,
				D05D88402BA1847E00854FDB /* SharedUserDefaults.swift in Sources */,
				D05DEBAE2AA071B100792DB6 /* TextOpenVC.swift in Sources */,
				D06A938E2AE65EF900DF166F /* Reachability.swift in Sources */,
				D0A06F002A98CD4300DA36E8 /* FeedbackVC.swift in Sources */,
				D0340C992B43FED200C9EDC7 /* DeleteAccountAlertVC.swift in Sources */,
				041FF0C82A70EFE400E98018 /* SignUpVC.swift in Sources */,
				0438C0A32A77B5EC009F9902 /* NotificationTimeVC.swift in Sources */,
			);
			runOnlyForDeploymentPostprocessing = 0;
		};
		D05D88262BA183E700854FDB /* Sources */ = {
			isa = PBXSourcesBuildPhase;
			buildActionMask = 2147483647;
			files = (
				D05D88312BA183E700854FDB /* Natomic_WidgetBundle.swift in Sources */,
				D05D88412BA1848400854FDB /* SharedUserDefaults.swift in Sources */,
				D05D88332BA183E700854FDB /* Natomic_Widget.swift in Sources */,
			);
			runOnlyForDeploymentPostprocessing = 0;
		};
		D0EEC2A12BF1E1BE00698373 /* Sources */ = {
			isa = PBXSourcesBuildPhase;
			buildActionMask = 2147483647;
			files = (
				D0EEC2A82BF1E1BE00698373 /* ShareViewController.swift in Sources */,
			);
			runOnlyForDeploymentPostprocessing = 0;
		};
/* End PBXSourcesBuildPhase section */

/* Begin PBXTargetDependency section */
		D05D88382BA183E900854FDB /* PBXTargetDependency */ = {
			isa = PBXTargetDependency;
			target = D05D88292BA183E700854FDB /* Natomic WidgetExtension */;
			targetProxy = D05D88372BA183E900854FDB /* PBXContainerItemProxy */;
		};
		D0EEC2AE2BF1E1BE00698373 /* PBXTargetDependency */ = {
			isa = PBXTargetDependency;
			target = D0EEC2A42BF1E1BE00698373 /* Natomic Share */;
			targetProxy = D0EEC2AD2BF1E1BE00698373 /* PBXContainerItemProxy */;
		};
/* End PBXTargetDependency section */

/* Begin PBXVariantGroup section */
		04AE06A92A45798300FC4BA1 /* Main.storyboard */ = {
			isa = PBXVariantGroup;
			children = (
				04AE06AA2A45798300FC4BA1 /* Base */,
			);
			name = Main.storyboard;
			sourceTree = "<group>";
		};
		04AE06B12A45798300FC4BA1 /* LaunchScreen.storyboard */ = {
			isa = PBXVariantGroup;
			children = (
				04AE06B22A45798300FC4BA1 /* Base */,
			);
			name = LaunchScreen.storyboard;
			sourceTree = "<group>";
		};
		D0EEC2A92BF1E1BE00698373 /* MainInterface.storyboard */ = {
			isa = PBXVariantGroup;
			children = (
				D0EEC2AA2BF1E1BE00698373 /* Base */,
			);
			name = MainInterface.storyboard;
			sourceTree = "<group>";
		};
/* End PBXVariantGroup section */

/* Begin XCBuildConfiguration section */
		04AE06B52A45798300FC4BA1 /* Debug */ = {
			isa = XCBuildConfiguration;
			buildSettings = {
				ALWAYS_SEARCH_USER_PATHS = NO;
				CLANG_ANALYZER_NONNULL = YES;
				CLANG_ANALYZER_NUMBER_OBJECT_CONVERSION = YES_AGGRESSIVE;
				CLANG_CXX_LANGUAGE_STANDARD = "gnu++17";
				CLANG_CXX_LIBRARY = "libc++";
				CLANG_ENABLE_MODULES = YES;
				CLANG_ENABLE_OBJC_ARC = YES;
				CLANG_ENABLE_OBJC_WEAK = YES;
				CLANG_WARN_BLOCK_CAPTURE_AUTORELEASING = YES;
				CLANG_WARN_BOOL_CONVERSION = YES;
				CLANG_WARN_COMMA = YES;
				CLANG_WARN_CONSTANT_CONVERSION = YES;
				CLANG_WARN_DEPRECATED_OBJC_IMPLEMENTATIONS = YES;
				CLANG_WARN_DIRECT_OBJC_ISA_USAGE = YES_ERROR;
				CLANG_WARN_DOCUMENTATION_COMMENTS = YES;
				CLANG_WARN_EMPTY_BODY = YES;
				CLANG_WARN_ENUM_CONVERSION = YES;
				CLANG_WARN_INFINITE_RECURSION = YES;
				CLANG_WARN_INT_CONVERSION = YES;
				CLANG_WARN_NON_LITERAL_NULL_CONVERSION = YES;
				CLANG_WARN_OBJC_IMPLICIT_RETAIN_SELF = YES;
				CLANG_WARN_OBJC_LITERAL_CONVERSION = YES;
				CLANG_WARN_OBJC_ROOT_CLASS = YES_ERROR;
				CLANG_WARN_QUOTED_INCLUDE_IN_FRAMEWORK_HEADER = YES;
				CLANG_WARN_RANGE_LOOP_ANALYSIS = YES;
				CLANG_WARN_STRICT_PROTOTYPES = YES;
				CLANG_WARN_SUSPICIOUS_MOVE = YES;
				CLANG_WARN_UNGUARDED_AVAILABILITY = YES_AGGRESSIVE;
				CLANG_WARN_UNREACHABLE_CODE = YES;
				CLANG_WARN__DUPLICATE_METHOD_MATCH = YES;
				COPY_PHASE_STRIP = NO;
				DEBUG_INFORMATION_FORMAT = dwarf;
				ENABLE_STRICT_OBJC_MSGSEND = YES;
				ENABLE_TESTABILITY = YES;
				GCC_C_LANGUAGE_STANDARD = gnu11;
				GCC_DYNAMIC_NO_PIC = NO;
				GCC_NO_COMMON_BLOCKS = YES;
				GCC_OPTIMIZATION_LEVEL = 0;
				GCC_PREPROCESSOR_DEFINITIONS = (
					"DEBUG=1",
					"$(inherited)",
				);
				GCC_WARN_64_TO_32_BIT_CONVERSION = YES;
				GCC_WARN_ABOUT_RETURN_TYPE = YES_ERROR;
				GCC_WARN_UNDECLARED_SELECTOR = YES;
				GCC_WARN_UNINITIALIZED_AUTOS = YES_AGGRESSIVE;
				GCC_WARN_UNUSED_FUNCTION = YES;
				GCC_WARN_UNUSED_VARIABLE = YES;
				IPHONEOS_DEPLOYMENT_TARGET = 15.2;
				MTL_ENABLE_DEBUG_INFO = INCLUDE_SOURCE;
				MTL_FAST_MATH = YES;
				ONLY_ACTIVE_ARCH = YES;
				SDKROOT = iphoneos;
				SWIFT_ACTIVE_COMPILATION_CONDITIONS = DEBUG;
				SWIFT_OPTIMIZATION_LEVEL = "-Onone";
			};
			name = Debug;
		};
		04AE06B62A45798300FC4BA1 /* Release */ = {
			isa = XCBuildConfiguration;
			buildSettings = {
				ALWAYS_SEARCH_USER_PATHS = NO;
				CLANG_ANALYZER_NONNULL = YES;
				CLANG_ANALYZER_NUMBER_OBJECT_CONVERSION = YES_AGGRESSIVE;
				CLANG_CXX_LANGUAGE_STANDARD = "gnu++17";
				CLANG_CXX_LIBRARY = "libc++";
				CLANG_ENABLE_MODULES = YES;
				CLANG_ENABLE_OBJC_ARC = YES;
				CLANG_ENABLE_OBJC_WEAK = YES;
				CLANG_WARN_BLOCK_CAPTURE_AUTORELEASING = YES;
				CLANG_WARN_BOOL_CONVERSION = YES;
				CLANG_WARN_COMMA = YES;
				CLANG_WARN_CONSTANT_CONVERSION = YES;
				CLANG_WARN_DEPRECATED_OBJC_IMPLEMENTATIONS = YES;
				CLANG_WARN_DIRECT_OBJC_ISA_USAGE = YES_ERROR;
				CLANG_WARN_DOCUMENTATION_COMMENTS = YES;
				CLANG_WARN_EMPTY_BODY = YES;
				CLANG_WARN_ENUM_CONVERSION = YES;
				CLANG_WARN_INFINITE_RECURSION = YES;
				CLANG_WARN_INT_CONVERSION = YES;
				CLANG_WARN_NON_LITERAL_NULL_CONVERSION = YES;
				CLANG_WARN_OBJC_IMPLICIT_RETAIN_SELF = YES;
				CLANG_WARN_OBJC_LITERAL_CONVERSION = YES;
				CLANG_WARN_OBJC_ROOT_CLASS = YES_ERROR;
				CLANG_WARN_QUOTED_INCLUDE_IN_FRAMEWORK_HEADER = YES;
				CLANG_WARN_RANGE_LOOP_ANALYSIS = YES;
				CLANG_WARN_STRICT_PROTOTYPES = YES;
				CLANG_WARN_SUSPICIOUS_MOVE = YES;
				CLANG_WARN_UNGUARDED_AVAILABILITY = YES_AGGRESSIVE;
				CLANG_WARN_UNREACHABLE_CODE = YES;
				CLANG_WARN__DUPLICATE_METHOD_MATCH = YES;
				COPY_PHASE_STRIP = NO;
				DEBUG_INFORMATION_FORMAT = "dwarf-with-dsym";
				ENABLE_NS_ASSERTIONS = NO;
				ENABLE_STRICT_OBJC_MSGSEND = YES;
				GCC_C_LANGUAGE_STANDARD = gnu11;
				GCC_NO_COMMON_BLOCKS = YES;
				GCC_WARN_64_TO_32_BIT_CONVERSION = YES;
				GCC_WARN_ABOUT_RETURN_TYPE = YES_ERROR;
				GCC_WARN_UNDECLARED_SELECTOR = YES;
				GCC_WARN_UNINITIALIZED_AUTOS = YES_AGGRESSIVE;
				GCC_WARN_UNUSED_FUNCTION = YES;
				GCC_WARN_UNUSED_VARIABLE = YES;
				IPHONEOS_DEPLOYMENT_TARGET = 15.2;
				MTL_ENABLE_DEBUG_INFO = NO;
				MTL_FAST_MATH = YES;
				SDKROOT = iphoneos;
				SWIFT_COMPILATION_MODE = wholemodule;
				SWIFT_OPTIMIZATION_LEVEL = "-O";
				VALIDATE_PRODUCT = YES;
			};
			name = Release;
		};
		04AE06B82A45798300FC4BA1 /* Debug */ = {
			isa = XCBuildConfiguration;
			baseConfigurationReference = CF7360E94DC07D62C491D7A5 /* Pods-Natomic.debug.xcconfig */;
			buildSettings = {
				ALWAYS_EMBED_SWIFT_STANDARD_LIBRARIES = YES;
				ASSETCATALOG_COMPILER_APPICON_NAME = AppIcon;
				ASSETCATALOG_COMPILER_GLOBAL_ACCENT_COLOR_NAME = AccentColor;
				ASSETCATALOG_COMPILER_INCLUDE_ALL_APPICON_ASSETS = NO;
				CODE_SIGN_ENTITLEMENTS = Natomic/Natomic.entitlements;
				CODE_SIGN_STYLE = Automatic;
				CURRENT_PROJECT_VERSION = 1;
				DEVELOPMENT_TEAM = 63ND4Y3UZ8;
				GENERATE_INFOPLIST_FILE = YES;
				INFOPLIST_FILE = Natomic/Info.plist;
				INFOPLIST_KEY_UIApplicationSupportsIndirectInputEvents = YES;
				INFOPLIST_KEY_UILaunchStoryboardName = LaunchScreen;
				INFOPLIST_KEY_UIMainStoryboardFile = Main;
				INFOPLIST_KEY_UIRequiresFullScreen = YES;
				INFOPLIST_KEY_UISupportedInterfaceOrientations = UIInterfaceOrientationPortrait;
				INFOPLIST_KEY_UIUserInterfaceStyle = Light;
				IPHONEOS_DEPLOYMENT_TARGET = 15.2;
				LD_RUNPATH_SEARCH_PATHS = (
					"$(inherited)",
					"@executable_path/Frameworks",
				);
				LIBRARY_SEARCH_PATHS = (
					"$(inherited)",
					"\"${TOOLCHAIN_DIR}/usr/lib/swift/${PLATFORM_NAME}\"",
					/usr/lib/swift,
					"$(SDKROOT)/usr/lib/swift",
				);
				MARKETING_VERSION = 2.7;
				PRODUCT_BUNDLE_IDENTIFIER = natomic.com.techuplabs;
				PRODUCT_NAME = "$(TARGET_NAME)";
				SUPPORTED_PLATFORMS = "iphoneos iphonesimulator";
				SUPPORTS_MACCATALYST = NO;
				SUPPORTS_MAC_DESIGNED_FOR_IPHONE_IPAD = NO;
				SUPPORTS_XR_DESIGNED_FOR_IPHONE_IPAD = NO;
				SWIFT_EMIT_LOC_STRINGS = YES;
				SWIFT_VERSION = 5.0;
				TARGETED_DEVICE_FAMILY = "1,2";
			};
			name = Debug;
		};
		04AE06B92A45798300FC4BA1 /* Release */ = {
			isa = XCBuildConfiguration;
			baseConfigurationReference = 2C41AB70777013A44E6E6A0E /* Pods-Natomic.release.xcconfig */;
			buildSettings = {
				ALWAYS_EMBED_SWIFT_STANDARD_LIBRARIES = YES;
				ASSETCATALOG_COMPILER_APPICON_NAME = AppIcon;
				ASSETCATALOG_COMPILER_GLOBAL_ACCENT_COLOR_NAME = AccentColor;
				ASSETCATALOG_COMPILER_INCLUDE_ALL_APPICON_ASSETS = NO;
				CODE_SIGN_ENTITLEMENTS = Natomic/Natomic.entitlements;
				CODE_SIGN_STYLE = Automatic;
				CURRENT_PROJECT_VERSION = 1;
				DEVELOPMENT_TEAM = 63ND4Y3UZ8;
				GENERATE_INFOPLIST_FILE = YES;
				INFOPLIST_FILE = Natomic/Info.plist;
				INFOPLIST_KEY_UIApplicationSupportsIndirectInputEvents = YES;
				INFOPLIST_KEY_UILaunchStoryboardName = LaunchScreen;
				INFOPLIST_KEY_UIMainStoryboardFile = Main;
				INFOPLIST_KEY_UIRequiresFullScreen = YES;
				INFOPLIST_KEY_UISupportedInterfaceOrientations = UIInterfaceOrientationPortrait;
				INFOPLIST_KEY_UIUserInterfaceStyle = Light;
				IPHONEOS_DEPLOYMENT_TARGET = 15.2;
				LD_RUNPATH_SEARCH_PATHS = (
					"$(inherited)",
					"@executable_path/Frameworks",
				);
				LIBRARY_SEARCH_PATHS = (
					"$(inherited)",
					"\"${TOOLCHAIN_DIR}/usr/lib/swift/${PLATFORM_NAME}\"",
					/usr/lib/swift,
					"$(SDKROOT)/usr/lib/swift",
				);
				MARKETING_VERSION = 2.7;
				PRODUCT_BUNDLE_IDENTIFIER = natomic.com.techuplabs;
				PRODUCT_NAME = "$(TARGET_NAME)";
				SUPPORTED_PLATFORMS = "iphoneos iphonesimulator";
				SUPPORTS_MACCATALYST = NO;
				SUPPORTS_MAC_DESIGNED_FOR_IPHONE_IPAD = NO;
				SUPPORTS_XR_DESIGNED_FOR_IPHONE_IPAD = NO;
				SWIFT_EMIT_LOC_STRINGS = YES;
				SWIFT_VERSION = 5.0;
				TARGETED_DEVICE_FAMILY = "1,2";
			};
			name = Release;
		};
		D05D883B2BA183E900854FDB /* Debug */ = {
			isa = XCBuildConfiguration;
			buildSettings = {
				ASSETCATALOG_COMPILER_GENERATE_SWIFT_ASSET_SYMBOL_EXTENSIONS = YES;
				ASSETCATALOG_COMPILER_GLOBAL_ACCENT_COLOR_NAME = WidgetBackground;
				ASSETCATALOG_COMPILER_WIDGET_BACKGROUND_COLOR_NAME = WidgetBackground;
				CLANG_CXX_LANGUAGE_STANDARD = "gnu++20";
				CODE_SIGN_ENTITLEMENTS = "Natomic WidgetExtension.entitlements";
				CODE_SIGN_STYLE = Automatic;
				CURRENT_PROJECT_VERSION = 1;
				DEAD_CODE_STRIPPING = NO;
				DEVELOPMENT_TEAM = 63ND4Y3UZ8;
				ENABLE_USER_SCRIPT_SANDBOXING = YES;
				GCC_C_LANGUAGE_STANDARD = gnu17;
				GENERATE_INFOPLIST_FILE = YES;
				INFOPLIST_FILE = "Natomic Widget/Info.plist";
				INFOPLIST_KEY_CFBundleDisplayName = "Natomic Widget";
				INFOPLIST_KEY_NSHumanReadableCopyright = "";
				IPHONEOS_DEPLOYMENT_TARGET = 15.0;
				LD_RUNPATH_SEARCH_PATHS = (
					"$(inherited)",
					"@executable_path/Frameworks",
					"@executable_path/../../Frameworks",
				);
				LOCALIZATION_PREFERS_STRING_CATALOGS = YES;
				MARKETING_VERSION = 1.0;
				PRODUCT_BUNDLE_IDENTIFIER = "natomic.com.techuplabs.Natomic-Widget";
				PRODUCT_NAME = "$(TARGET_NAME)";
				SKIP_INSTALL = YES;
				SUPPORTED_PLATFORMS = "iphoneos iphonesimulator";
				SUPPORTS_MACCATALYST = NO;
				SUPPORTS_MAC_DESIGNED_FOR_IPHONE_IPAD = NO;
				SUPPORTS_XR_DESIGNED_FOR_IPHONE_IPAD = NO;
				SWIFT_ACTIVE_COMPILATION_CONDITIONS = "DEBUG $(inherited)";
				SWIFT_EMIT_LOC_STRINGS = YES;
				SWIFT_VERSION = 5.0;
				TARGETED_DEVICE_FAMILY = "1,2";
			};
			name = Debug;
		};
		D05D883C2BA183E900854FDB /* Release */ = {
			isa = XCBuildConfiguration;
			buildSettings = {
				ASSETCATALOG_COMPILER_GENERATE_SWIFT_ASSET_SYMBOL_EXTENSIONS = YES;
				ASSETCATALOG_COMPILER_GLOBAL_ACCENT_COLOR_NAME = WidgetBackground;
				ASSETCATALOG_COMPILER_WIDGET_BACKGROUND_COLOR_NAME = WidgetBackground;
				CLANG_CXX_LANGUAGE_STANDARD = "gnu++20";
				CODE_SIGN_ENTITLEMENTS = "Natomic WidgetExtension.entitlements";
				CODE_SIGN_STYLE = Automatic;
				CURRENT_PROJECT_VERSION = 1;
				DEAD_CODE_STRIPPING = NO;
				DEVELOPMENT_TEAM = 63ND4Y3UZ8;
				ENABLE_USER_SCRIPT_SANDBOXING = YES;
				GCC_C_LANGUAGE_STANDARD = gnu17;
				GENERATE_INFOPLIST_FILE = YES;
				INFOPLIST_FILE = "Natomic Widget/Info.plist";
				INFOPLIST_KEY_CFBundleDisplayName = "Natomic Widget";
				INFOPLIST_KEY_NSHumanReadableCopyright = "";
				IPHONEOS_DEPLOYMENT_TARGET = 15.0;
				LD_RUNPATH_SEARCH_PATHS = (
					"$(inherited)",
					"@executable_path/Frameworks",
					"@executable_path/../../Frameworks",
				);
				LOCALIZATION_PREFERS_STRING_CATALOGS = YES;
				MARKETING_VERSION = 1.0;
				PRODUCT_BUNDLE_IDENTIFIER = "natomic.com.techuplabs.Natomic-Widget";
				PRODUCT_NAME = "$(TARGET_NAME)";
				SKIP_INSTALL = YES;
				SUPPORTED_PLATFORMS = "iphoneos iphonesimulator";
				SUPPORTS_MACCATALYST = NO;
				SUPPORTS_MAC_DESIGNED_FOR_IPHONE_IPAD = NO;
				SUPPORTS_XR_DESIGNED_FOR_IPHONE_IPAD = NO;
				SWIFT_EMIT_LOC_STRINGS = YES;
				SWIFT_VERSION = 5.0;
				TARGETED_DEVICE_FAMILY = "1,2";
			};
			name = Release;
		};
		D0EEC2B02BF1E1BF00698373 /* Debug */ = {
			isa = XCBuildConfiguration;
			buildSettings = {
				ASSETCATALOG_COMPILER_GENERATE_SWIFT_ASSET_SYMBOL_EXTENSIONS = YES;
				CLANG_CXX_LANGUAGE_STANDARD = "gnu++20";
				CODE_SIGN_ENTITLEMENTS = "Natomic Share/Natomic Share.entitlements";
				CODE_SIGN_STYLE = Automatic;
				CURRENT_PROJECT_VERSION = 1;
				DEVELOPMENT_TEAM = 63ND4Y3UZ8;
				ENABLE_USER_SCRIPT_SANDBOXING = YES;
				GCC_C_LANGUAGE_STANDARD = gnu17;
				GENERATE_INFOPLIST_FILE = YES;
				INFOPLIST_FILE = "Natomic Share/Info.plist";
				INFOPLIST_KEY_CFBundleDisplayName = "Natomic Share";
				INFOPLIST_KEY_NSHumanReadableCopyright = "";
				IPHONEOS_DEPLOYMENT_TARGET = 15.0;
				LD_RUNPATH_SEARCH_PATHS = (
					"$(inherited)",
					"@executable_path/Frameworks",
					"@executable_path/../../Frameworks",
				);
				LOCALIZATION_PREFERS_STRING_CATALOGS = YES;
				MARKETING_VERSION = 1.0;
				PRODUCT_BUNDLE_IDENTIFIER = "natomic.com.techuplabs.Natomic-Share";
				PRODUCT_NAME = "$(TARGET_NAME)";
				SKIP_INSTALL = YES;
				SUPPORTED_PLATFORMS = "iphoneos iphonesimulator";
				SUPPORTS_MACCATALYST = NO;
				SUPPORTS_MAC_DESIGNED_FOR_IPHONE_IPAD = NO;
				SUPPORTS_XR_DESIGNED_FOR_IPHONE_IPAD = NO;
				SWIFT_ACTIVE_COMPILATION_CONDITIONS = "DEBUG $(inherited)";
				SWIFT_EMIT_LOC_STRINGS = YES;
				SWIFT_VERSION = 5.0;
				TARGETED_DEVICE_FAMILY = "1,2";
			};
			name = Debug;
		};
		D0EEC2B12BF1E1BF00698373 /* Release */ = {
			isa = XCBuildConfiguration;
			buildSettings = {
				ASSETCATALOG_COMPILER_GENERATE_SWIFT_ASSET_SYMBOL_EXTENSIONS = YES;
				CLANG_CXX_LANGUAGE_STANDARD = "gnu++20";
				CODE_SIGN_ENTITLEMENTS = "Natomic Share/Natomic Share.entitlements";
				CODE_SIGN_STYLE = Automatic;
				CURRENT_PROJECT_VERSION = 1;
				DEVELOPMENT_TEAM = 63ND4Y3UZ8;
				ENABLE_USER_SCRIPT_SANDBOXING = YES;
				GCC_C_LANGUAGE_STANDARD = gnu17;
				GENERATE_INFOPLIST_FILE = YES;
				INFOPLIST_FILE = "Natomic Share/Info.plist";
				INFOPLIST_KEY_CFBundleDisplayName = "Natomic Share";
				INFOPLIST_KEY_NSHumanReadableCopyright = "";
				IPHONEOS_DEPLOYMENT_TARGET = 15.0;
				LD_RUNPATH_SEARCH_PATHS = (
					"$(inherited)",
					"@executable_path/Frameworks",
					"@executable_path/../../Frameworks",
				);
				LOCALIZATION_PREFERS_STRING_CATALOGS = YES;
				MARKETING_VERSION = 1.0;
				PRODUCT_BUNDLE_IDENTIFIER = "natomic.com.techuplabs.Natomic-Share";
				PRODUCT_NAME = "$(TARGET_NAME)";
				SKIP_INSTALL = YES;
				SUPPORTED_PLATFORMS = "iphoneos iphonesimulator";
				SUPPORTS_MACCATALYST = NO;
				SUPPORTS_MAC_DESIGNED_FOR_IPHONE_IPAD = NO;
				SUPPORTS_XR_DESIGNED_FOR_IPHONE_IPAD = NO;
				SWIFT_EMIT_LOC_STRINGS = YES;
				SWIFT_VERSION = 5.0;
				TARGETED_DEVICE_FAMILY = "1,2";
			};
			name = Release;
		};
/* End XCBuildConfiguration section */

/* Begin XCConfigurationList section */
		04AE069B2A45798300FC4BA1 /* Build configuration list for PBXProject "Natomic" */ = {
			isa = XCConfigurationList;
			buildConfigurations = (
				04AE06B52A45798300FC4BA1 /* Debug */,
				04AE06B62A45798300FC4BA1 /* Release */,
			);
			defaultConfigurationIsVisible = 0;
			defaultConfigurationName = Release;
		};
		04AE06B72A45798300FC4BA1 /* Build configuration list for PBXNativeTarget "Natomic" */ = {
			isa = XCConfigurationList;
			buildConfigurations = (
				04AE06B82A45798300FC4BA1 /* Debug */,
				04AE06B92A45798300FC4BA1 /* Release */,
			);
			defaultConfigurationIsVisible = 0;
			defaultConfigurationName = Release;
		};
		D05D883D2BA183E900854FDB /* Build configuration list for PBXNativeTarget "Natomic WidgetExtension" */ = {
			isa = XCConfigurationList;
			buildConfigurations = (
				D05D883B2BA183E900854FDB /* Debug */,
				D05D883C2BA183E900854FDB /* Release */,
			);
			defaultConfigurationIsVisible = 0;
			defaultConfigurationName = Release;
		};
		D0EEC2B22BF1E1BF00698373 /* Build configuration list for PBXNativeTarget "Natomic Share" */ = {
			isa = XCConfigurationList;
			buildConfigurations = (
				D0EEC2B02BF1E1BF00698373 /* Debug */,
				D0EEC2B12BF1E1BF00698373 /* Release */,
			);
			defaultConfigurationIsVisible = 0;
			defaultConfigurationName = Release;
		};
/* End XCConfigurationList section */

/* Begin XCVersionGroup section */
		04AE06AC2A45798300FC4BA1 /* Natomic.xcdatamodeld */ = {
			isa = XCVersionGroup;
			children = (
				04AE06AD2A45798300FC4BA1 /* Natomic.xcdatamodel */,
			);
			currentVersion = 04AE06AD2A45798300FC4BA1 /* Natomic.xcdatamodel */;
			path = Natomic.xcdatamodeld;
			sourceTree = "<group>";
			versionGroupType = wrapper.xcdatamodel;
		};
/* End XCVersionGroup section */
	};
	rootObject = 04AE06982A45798300FC4BA1 /* Project object */;
}
