// !$*UTF8*$!
{
	archiveVersion = 1;
	classes = {
	};
	objectVersion = 55;
	objects = {

/* Begin PBXBuildFile section */
		041FF0C42A70CFD300E98018 /* TestView.xib in Resources */ = {isa = PBXBuildFile; fileRef = 041FF0C32A70CFD300E98018 /* TestView.xib */; };
		041FF0C62A70CFDC00E98018 /* TestView.swift in Sources */ = {isa = PBXBuildFile; fileRef = 041FF0C52A70CFDC00E98018 /* TestView.swift */; };
		041FF0C82A70EFE400E98018 /* SignUpVC.swift in Sources */ = {isa = PBXBuildFile; fileRef = 041FF0C72A70EFE400E98018 /* SignUpVC.swift */; };
		041FF0CA2A711CF300E98018 /* SubscriptionVC.swift in Sources */ = {isa = PBXBuildFile; fileRef = 041FF0C92A711CF300E98018 /* SubscriptionVC.swift */; };
		0436AEDA2A6FBE3B00459DD8 /* TimePickerView.swift in Sources */ = {isa = PBXBuildFile; fileRef = 0436AED92A6FBE3B00459DD8 /* TimePickerView.swift */; };
		0436AEDC2A6FBE4C00459DD8 /* TimePickerView.xib in Resources */ = {isa = PBXBuildFile; fileRef = 0436AEDB2A6FBE4C00459DD8 /* TimePickerView.xib */; };
		043810152A7A369D00102547 /* TextDetailVC.swift in Sources */ = {isa = PBXBuildFile; fileRef = 043810142A7A369D00102547 /* TextDetailVC.swift */; };
		043810172A7A3A5000102547 /* SpringAnimator.swift in Sources */ = {isa = PBXBuildFile; fileRef = 043810162A7A3A5000102547 /* SpringAnimator.swift */; };
		043810192A7A3C0500102547 /* AlertBase.swift in Sources */ = {isa = PBXBuildFile; fileRef = 043810182A7A3C0500102547 /* AlertBase.swift */; };
		0438C0A32A77B5EC009F9902 /* NotificationTimeVC.swift in Sources */ = {isa = PBXBuildFile; fileRef = 0438C0A22A77B5EC009F9902 /* NotificationTimeVC.swift */; };
		04644FF22A69225B00ABC01F /* IntroVC.swift in Sources */ = {isa = PBXBuildFile; fileRef = 04644FF12A69225B00ABC01F /* IntroVC.swift */; };
		04644FF42A69240500ABC01F /* Constant.swift in Sources */ = {isa = PBXBuildFile; fileRef = 04644FF32A69240500ABC01F /* Constant.swift */; };
		04666A3C2A6E3C9C003BC9CB /* WritingVC.swift in Sources */ = {isa = PBXBuildFile; fileRef = 04666A3B2A6E3C9C003BC9CB /* WritingVC.swift */; };
		04666A402A6E6E92003BC9CB /* HistoryTableCell.swift in Sources */ = {isa = PBXBuildFile; fileRef = 04666A3E2A6E6E92003BC9CB /* HistoryTableCell.swift */; };
		04666A412A6E6E92003BC9CB /* HistoryTableCell.xib in Resources */ = {isa = PBXBuildFile; fileRef = 04666A3F2A6E6E92003BC9CB /* HistoryTableCell.xib */; };
		04AE06A42A45798300FC4BA1 /* AppDelegate.swift in Sources */ = {isa = PBXBuildFile; fileRef = 04AE06A32A45798300FC4BA1 /* AppDelegate.swift */; };
		04AE06A62A45798300FC4BA1 /* SceneDelegate.swift in Sources */ = {isa = PBXBuildFile; fileRef = 04AE06A52A45798300FC4BA1 /* SceneDelegate.swift */; };
		04AE06A82A45798300FC4BA1 /* SplashVC.swift in Sources */ = {isa = PBXBuildFile; fileRef = 04AE06A72A45798300FC4BA1 /* SplashVC.swift */; };
		04AE06AB2A45798300FC4BA1 /* Main.storyboard in Resources */ = {isa = PBXBuildFile; fileRef = 04AE06A92A45798300FC4BA1 /* Main.storyboard */; };
		04AE06AE2A45798300FC4BA1 /* Natomic.xcdatamodeld in Sources */ = {isa = PBXBuildFile; fileRef = 04AE06AC2A45798300FC4BA1 /* Natomic.xcdatamodeld */; };
		04AE06B02A45798300FC4BA1 /* Assets.xcassets in Resources */ = {isa = PBXBuildFile; fileRef = 04AE06AF2A45798300FC4BA1 /* Assets.xcassets */; };
		04AE06B32A45798300FC4BA1 /* LaunchScreen.storyboard in Resources */ = {isa = PBXBuildFile; fileRef = 04AE06B12A45798300FC4BA1 /* LaunchScreen.storyboard */; };
		04AE06BB2A457C2E00FC4BA1 /* DatabaseMabager.swift in Sources */ = {isa = PBXBuildFile; fileRef = 04AE06BA2A457C2E00FC4BA1 /* DatabaseMabager.swift */; };
		04AE06BD2A457C7500FC4BA1 /* UserModel.swift in Sources */ = {isa = PBXBuildFile; fileRef = 04AE06BC2A457C7500FC4BA1 /* UserModel.swift */; };
		04AFFCCE2A6935C100FCCCAD /* UIViewExtension.swift in Sources */ = {isa = PBXBuildFile; fileRef = 04AFFCCD2A6935C100FCCCAD /* UIViewExtension.swift */; };
		04BEBAB72A67ECF00050A013 /* HomeVC.swift in Sources */ = {isa = PBXBuildFile; fileRef = 04BEBAB62A67ECF00050A013 /* HomeVC.swift */; };
		04BEBAB92A67F1B30050A013 /* ProfileVC.swift in Sources */ = {isa = PBXBuildFile; fileRef = 04BEBAB82A67F1B30050A013 /* ProfileVC.swift */; };
		04BEBACA2A67F3360050A013 /* Rubik-SemiBoldItalic.ttf in Resources */ = {isa = PBXBuildFile; fileRef = 04BEBABC2A67F3360050A013 /* Rubik-SemiBoldItalic.ttf */; };
		04BEBACB2A67F3360050A013 /* Rubik-Medium.ttf in Resources */ = {isa = PBXBuildFile; fileRef = 04BEBABD2A67F3360050A013 /* Rubik-Medium.ttf */; };
		04BEBACC2A67F3360050A013 /* Rubik-ExtraBoldItalic.ttf in Resources */ = {isa = PBXBuildFile; fileRef = 04BEBABE2A67F3360050A013 /* Rubik-ExtraBoldItalic.ttf */; };
		04BEBACD2A67F3360050A013 /* Rubik-SemiBold.ttf in Resources */ = {isa = PBXBuildFile; fileRef = 04BEBABF2A67F3360050A013 /* Rubik-SemiBold.ttf */; };
		04BEBACE2A67F3360050A013 /* Rubik-ExtraBold.ttf in Resources */ = {isa = PBXBuildFile; fileRef = 04BEBAC02A67F3360050A013 /* Rubik-ExtraBold.ttf */; };
		04BEBACF2A67F3360050A013 /* Rubik-Black.ttf in Resources */ = {isa = PBXBuildFile; fileRef = 04BEBAC12A67F3360050A013 /* Rubik-Black.ttf */; };
		04BEBAD02A67F3360050A013 /* Rubik-Bold.ttf in Resources */ = {isa = PBXBuildFile; fileRef = 04BEBAC22A67F3360050A013 /* Rubik-Bold.ttf */; };
		04BEBAD12A67F3360050A013 /* Rubik-LightItalic.ttf in Resources */ = {isa = PBXBuildFile; fileRef = 04BEBAC32A67F3360050A013 /* Rubik-LightItalic.ttf */; };
		04BEBAD22A67F3360050A013 /* Rubik-Regular.ttf in Resources */ = {isa = PBXBuildFile; fileRef = 04BEBAC42A67F3360050A013 /* Rubik-Regular.ttf */; };
		04BEBAD32A67F3360050A013 /* Rubik-MediumItalic.ttf in Resources */ = {isa = PBXBuildFile; fileRef = 04BEBAC52A67F3360050A013 /* Rubik-MediumItalic.ttf */; };
		04BEBAD42A67F3360050A013 /* Rubik-Italic.ttf in Resources */ = {isa = PBXBuildFile; fileRef = 04BEBAC62A67F3360050A013 /* Rubik-Italic.ttf */; };
		04BEBAD52A67F3360050A013 /* Rubik-BoldItalic.ttf in Resources */ = {isa = PBXBuildFile; fileRef = 04BEBAC72A67F3360050A013 /* Rubik-BoldItalic.ttf */; };
		04BEBAD62A67F3360050A013 /* Rubik-BlackItalic.ttf in Resources */ = {isa = PBXBuildFile; fileRef = 04BEBAC82A67F3360050A013 /* Rubik-BlackItalic.ttf */; };
		04BEBAD72A67F3360050A013 /* Rubik-Light.ttf in Resources */ = {isa = PBXBuildFile; fileRef = 04BEBAC92A67F3360050A013 /* Rubik-Light.ttf */; };
		04F4B5FC2A497E910085D4A8 /* Global.swift in Sources */ = {isa = PBXBuildFile; fileRef = 04F4B5FB2A497E910085D4A8 /* Global.swift */; };
		CA717955E9CF1D20D102798A /* Pods_Natomic.framework in Frameworks */ = {isa = PBXBuildFile; fileRef = FDAF64CC20DBDFA96CB7FCFF /* Pods_Natomic.framework */; };
/* End PBXBuildFile section */

/* Begin PBXFileReference section */
		041FF0C32A70CFD300E98018 /* TestView.xib */ = {isa = PBXFileReference; lastKnownFileType = file.xib; path = TestView.xib; sourceTree = "<group>"; };
		041FF0C52A70CFDC00E98018 /* TestView.swift */ = {isa = PBXFileReference; lastKnownFileType = sourcecode.swift; path = TestView.swift; sourceTree = "<group>"; };
		041FF0C72A70EFE400E98018 /* SignUpVC.swift */ = {isa = PBXFileReference; lastKnownFileType = sourcecode.swift; path = SignUpVC.swift; sourceTree = "<group>"; };
		041FF0C92A711CF300E98018 /* SubscriptionVC.swift */ = {isa = PBXFileReference; lastKnownFileType = sourcecode.swift; path = SubscriptionVC.swift; sourceTree = "<group>"; };
		0436AED92A6FBE3B00459DD8 /* TimePickerView.swift */ = {isa = PBXFileReference; lastKnownFileType = sourcecode.swift; path = TimePickerView.swift; sourceTree = "<group>"; };
		0436AEDB2A6FBE4C00459DD8 /* TimePickerView.xib */ = {isa = PBXFileReference; lastKnownFileType = file.xib; path = TimePickerView.xib; sourceTree = "<group>"; };
		043810142A7A369D00102547 /* TextDetailVC.swift */ = {isa = PBXFileReference; lastKnownFileType = sourcecode.swift; path = TextDetailVC.swift; sourceTree = "<group>"; };
		043810162A7A3A5000102547 /* SpringAnimator.swift */ = {isa = PBXFileReference; lastKnownFileType = sourcecode.swift; path = SpringAnimator.swift; sourceTree = "<group>"; };
		043810182A7A3C0500102547 /* AlertBase.swift */ = {isa = PBXFileReference; lastKnownFileType = sourcecode.swift; path = AlertBase.swift; sourceTree = "<group>"; };
		0438C0A22A77B5EC009F9902 /* NotificationTimeVC.swift */ = {isa = PBXFileReference; lastKnownFileType = sourcecode.swift; path = NotificationTimeVC.swift; sourceTree = "<group>"; };
		04644FF12A69225B00ABC01F /* IntroVC.swift */ = {isa = PBXFileReference; lastKnownFileType = sourcecode.swift; path = IntroVC.swift; sourceTree = "<group>"; };
		04644FF32A69240500ABC01F /* Constant.swift */ = {isa = PBXFileReference; lastKnownFileType = sourcecode.swift; path = Constant.swift; sourceTree = "<group>"; };
		04666A3B2A6E3C9C003BC9CB /* WritingVC.swift */ = {isa = PBXFileReference; lastKnownFileType = sourcecode.swift; path = WritingVC.swift; sourceTree = "<group>"; };
		04666A3E2A6E6E92003BC9CB /* HistoryTableCell.swift */ = {isa = PBXFileReference; lastKnownFileType = sourcecode.swift; path = HistoryTableCell.swift; sourceTree = "<group>"; };
		04666A3F2A6E6E92003BC9CB /* HistoryTableCell.xib */ = {isa = PBXFileReference; lastKnownFileType = file.xib; path = HistoryTableCell.xib; sourceTree = "<group>"; };
		04AE06A02A45798300FC4BA1 /* Natomic.app */ = {isa = PBXFileReference; explicitFileType = wrapper.application; includeInIndex = 0; path = Natomic.app; sourceTree = BUILT_PRODUCTS_DIR; };
		04AE06A32A45798300FC4BA1 /* AppDelegate.swift */ = {isa = PBXFileReference; lastKnownFileType = sourcecode.swift; path = AppDelegate.swift; sourceTree = "<group>"; };
		04AE06A52A45798300FC4BA1 /* SceneDelegate.swift */ = {isa = PBXFileReference; lastKnownFileType = sourcecode.swift; path = SceneDelegate.swift; sourceTree = "<group>"; };
		04AE06A72A45798300FC4BA1 /* SplashVC.swift */ = {isa = PBXFileReference; lastKnownFileType = sourcecode.swift; path = SplashVC.swift; sourceTree = "<group>"; };
		04AE06AA2A45798300FC4BA1 /* Base */ = {isa = PBXFileReference; lastKnownFileType = file.storyboard; name = Base; path = Base.lproj/Main.storyboard; sourceTree = "<group>"; };
		04AE06AD2A45798300FC4BA1 /* Natomic.xcdatamodel */ = {isa = PBXFileReference; lastKnownFileType = wrapper.xcdatamodel; path = Natomic.xcdatamodel; sourceTree = "<group>"; };
		04AE06AF2A45798300FC4BA1 /* Assets.xcassets */ = {isa = PBXFileReference; lastKnownFileType = folder.assetcatalog; path = Assets.xcassets; sourceTree = "<group>"; };
		04AE06B22A45798300FC4BA1 /* Base */ = {isa = PBXFileReference; lastKnownFileType = file.storyboard; name = Base; path = Base.lproj/LaunchScreen.storyboard; sourceTree = "<group>"; };
		04AE06B42A45798300FC4BA1 /* Info.plist */ = {isa = PBXFileReference; lastKnownFileType = text.plist.xml; path = Info.plist; sourceTree = "<group>"; };
		04AE06BA2A457C2E00FC4BA1 /* DatabaseMabager.swift */ = {isa = PBXFileReference; lastKnownFileType = sourcecode.swift; path = DatabaseMabager.swift; sourceTree = "<group>"; };
		04AE06BC2A457C7500FC4BA1 /* UserModel.swift */ = {isa = PBXFileReference; lastKnownFileType = sourcecode.swift; path = UserModel.swift; sourceTree = "<group>"; };
		04AFFCCD2A6935C100FCCCAD /* UIViewExtension.swift */ = {isa = PBXFileReference; fileEncoding = 4; lastKnownFileType = sourcecode.swift; path = UIViewExtension.swift; sourceTree = "<group>"; };
		04BEBAB62A67ECF00050A013 /* HomeVC.swift */ = {isa = PBXFileReference; lastKnownFileType = sourcecode.swift; path = HomeVC.swift; sourceTree = "<group>"; };
		04BEBAB82A67F1B30050A013 /* ProfileVC.swift */ = {isa = PBXFileReference; lastKnownFileType = sourcecode.swift; path = ProfileVC.swift; sourceTree = "<group>"; };
		04BEBABC2A67F3360050A013 /* Rubik-SemiBoldItalic.ttf */ = {isa = PBXFileReference; lastKnownFileType = file; path = "Rubik-SemiBoldItalic.ttf"; sourceTree = "<group>"; };
		04BEBABD2A67F3360050A013 /* Rubik-Medium.ttf */ = {isa = PBXFileReference; lastKnownFileType = file; path = "Rubik-Medium.ttf"; sourceTree = "<group>"; };
		04BEBABE2A67F3360050A013 /* Rubik-ExtraBoldItalic.ttf */ = {isa = PBXFileReference; lastKnownFileType = file; path = "Rubik-ExtraBoldItalic.ttf"; sourceTree = "<group>"; };
		04BEBABF2A67F3360050A013 /* Rubik-SemiBold.ttf */ = {isa = PBXFileReference; lastKnownFileType = file; path = "Rubik-SemiBold.ttf"; sourceTree = "<group>"; };
		04BEBAC02A67F3360050A013 /* Rubik-ExtraBold.ttf */ = {isa = PBXFileReference; lastKnownFileType = file; path = "Rubik-ExtraBold.ttf"; sourceTree = "<group>"; };
		04BEBAC12A67F3360050A013 /* Rubik-Black.ttf */ = {isa = PBXFileReference; lastKnownFileType = file; path = "Rubik-Black.ttf"; sourceTree = "<group>"; };
		04BEBAC22A67F3360050A013 /* Rubik-Bold.ttf */ = {isa = PBXFileReference; lastKnownFileType = file; path = "Rubik-Bold.ttf"; sourceTree = "<group>"; };
		04BEBAC32A67F3360050A013 /* Rubik-LightItalic.ttf */ = {isa = PBXFileReference; lastKnownFileType = file; path = "Rubik-LightItalic.ttf"; sourceTree = "<group>"; };
		04BEBAC42A67F3360050A013 /* Rubik-Regular.ttf */ = {isa = PBXFileReference; lastKnownFileType = file; path = "Rubik-Regular.ttf"; sourceTree = "<group>"; };
		04BEBAC52A67F3360050A013 /* Rubik-MediumItalic.ttf */ = {isa = PBXFileReference; lastKnownFileType = file; path = "Rubik-MediumItalic.ttf"; sourceTree = "<group>"; };
		04BEBAC62A67F3360050A013 /* Rubik-Italic.ttf */ = {isa = PBXFileReference; lastKnownFileType = file; path = "Rubik-Italic.ttf"; sourceTree = "<group>"; };
		04BEBAC72A67F3360050A013 /* Rubik-BoldItalic.ttf */ = {isa = PBXFileReference; lastKnownFileType = file; path = "Rubik-BoldItalic.ttf"; sourceTree = "<group>"; };
		04BEBAC82A67F3360050A013 /* Rubik-BlackItalic.ttf */ = {isa = PBXFileReference; lastKnownFileType = file; path = "Rubik-BlackItalic.ttf"; sourceTree = "<group>"; };
		04BEBAC92A67F3360050A013 /* Rubik-Light.ttf */ = {isa = PBXFileReference; lastKnownFileType = file; path = "Rubik-Light.ttf"; sourceTree = "<group>"; };
		04F4B5FB2A497E910085D4A8 /* Global.swift */ = {isa = PBXFileReference; lastKnownFileType = sourcecode.swift; path = Global.swift; sourceTree = "<group>"; };
		2C41AB70777013A44E6E6A0E /* Pods-Natomic.release.xcconfig */ = {isa = PBXFileReference; includeInIndex = 1; lastKnownFileType = text.xcconfig; name = "Pods-Natomic.release.xcconfig"; path = "Target Support Files/Pods-Natomic/Pods-Natomic.release.xcconfig"; sourceTree = "<group>"; };
		CF7360E94DC07D62C491D7A5 /* Pods-Natomic.debug.xcconfig */ = {isa = PBXFileReference; includeInIndex = 1; lastKnownFileType = text.xcconfig; name = "Pods-Natomic.debug.xcconfig"; path = "Target Support Files/Pods-Natomic/Pods-Natomic.debug.xcconfig"; sourceTree = "<group>"; };
		FDAF64CC20DBDFA96CB7FCFF /* Pods_Natomic.framework */ = {isa = PBXFileReference; explicitFileType = wrapper.framework; includeInIndex = 0; path = Pods_Natomic.framework; sourceTree = BUILT_PRODUCTS_DIR; };
/* End PBXFileReference section */

/* Begin PBXFrameworksBuildPhase section */
		04AE069D2A45798300FC4BA1 /* Frameworks */ = {
			isa = PBXFrameworksBuildPhase;
			buildActionMask = 2147483647;
			files = (
				CA717955E9CF1D20D102798A /* Pods_Natomic.framework in Frameworks */,
			);
			runOnlyForDeploymentPostprocessing = 0;
		};
/* End PBXFrameworksBuildPhase section */

/* Begin PBXGroup section */
		04666A3D2A6E6E63003BC9CB /* TableviewCells */ = {
			isa = PBXGroup;
			children = (
				04666A3E2A6E6E92003BC9CB /* HistoryTableCell.swift */,
				04666A3F2A6E6E92003BC9CB /* HistoryTableCell.xib */,
			);
			path = TableviewCells;
			sourceTree = "<group>";
		};
		04AE06972A45798200FC4BA1 = {
			isa = PBXGroup;
			children = (
				04AE06A22A45798300FC4BA1 /* Natomic */,
				04AE06A12A45798300FC4BA1 /* Products */,
				608B2EE5B055CD9D622C26E6 /* Pods */,
				6CC237C3DE3A2D618805ACB8 /* Frameworks */,
			);
			sourceTree = "<group>";
		};
		04AE06A12A45798300FC4BA1 /* Products */ = {
			isa = PBXGroup;
			children = (
				04AE06A02A45798300FC4BA1 /* Natomic.app */,
			);
			name = Products;
			sourceTree = "<group>";
		};
		04AE06A22A45798300FC4BA1 /* Natomic */ = {
			isa = PBXGroup;
			children = (
				04B999152A54050200C4BC6B /* Delegates */,
				04B999162A54051100C4BC6B /* HelperFiles */,
				04B999172A54051E00C4BC6B /* Model */,
				04B9991A2A54056F00C4BC6B /* Views */,
				04B999182A54052600C4BC6B /* Controllers */,
				04B999192A54053C00C4BC6B /* Storyboards */,
				04BEBABA2A67F2F50050A013 /* Asset */,
				04AE06B42A45798300FC4BA1 /* Info.plist */,
				04AE06AC2A45798300FC4BA1 /* Natomic.xcdatamodeld */,
			);
			path = Natomic;
			sourceTree = "<group>";
		};
		04B999152A54050200C4BC6B /* Delegates */ = {
			isa = PBXGroup;
			children = (
				04AE06A32A45798300FC4BA1 /* AppDelegate.swift */,
				04AE06A52A45798300FC4BA1 /* SceneDelegate.swift */,
			);
			path = Delegates;
			sourceTree = "<group>";
		};
		04B999162A54051100C4BC6B /* HelperFiles */ = {
			isa = PBXGroup;
			children = (
				04644FF32A69240500ABC01F /* Constant.swift */,
				04F4B5FB2A497E910085D4A8 /* Global.swift */,
				04AE06BA2A457C2E00FC4BA1 /* DatabaseMabager.swift */,
				04AFFCCD2A6935C100FCCCAD /* UIViewExtension.swift */,
				043810162A7A3A5000102547 /* SpringAnimator.swift */,
			);
			name = HelperFiles;
			sourceTree = "<group>";
		};
		04B999172A54051E00C4BC6B /* Model */ = {
			isa = PBXGroup;
			children = (
				04AE06BC2A457C7500FC4BA1 /* UserModel.swift */,
			);
			path = Model;
			sourceTree = "<group>";
		};
		04B999182A54052600C4BC6B /* Controllers */ = {
			isa = PBXGroup;
			children = (
				04AE06A72A45798300FC4BA1 /* SplashVC.swift */,
				043810182A7A3C0500102547 /* AlertBase.swift */,
				04644FF12A69225B00ABC01F /* IntroVC.swift */,
				041FF0C72A70EFE400E98018 /* SignUpVC.swift */,
				04BEBAB62A67ECF00050A013 /* HomeVC.swift */,
				043810142A7A369D00102547 /* TextDetailVC.swift */,
				04666A3B2A6E3C9C003BC9CB /* WritingVC.swift */,
				0438C0A22A77B5EC009F9902 /* NotificationTimeVC.swift */,
				041FF0C92A711CF300E98018 /* SubscriptionVC.swift */,
				04BEBAB82A67F1B30050A013 /* ProfileVC.swift */,
			);
			path = Controllers;
			sourceTree = "<group>";
		};
		04B999192A54053C00C4BC6B /* Storyboards */ = {
			isa = PBXGroup;
			children = (
				04AE06A92A45798300FC4BA1 /* Main.storyboard */,
				04AE06B12A45798300FC4BA1 /* LaunchScreen.storyboard */,
			);
			path = Storyboards;
			sourceTree = "<group>";
		};
		04B9991A2A54056F00C4BC6B /* Views */ = {
			isa = PBXGroup;
			children = (
				0436AED92A6FBE3B00459DD8 /* TimePickerView.swift */,
				0436AEDB2A6FBE4C00459DD8 /* TimePickerView.xib */,
				041FF0C52A70CFDC00E98018 /* TestView.swift */,
				041FF0C32A70CFD300E98018 /* TestView.xib */,
				04666A3D2A6E6E63003BC9CB /* TableviewCells */,
			);
			path = Views;
			sourceTree = "<group>";
		};
		04BEBABA2A67F2F50050A013 /* Asset */ = {
			isa = PBXGroup;
			children = (
				04BEBABB2A67F32C0050A013 /* Font */,
				04AE06AF2A45798300FC4BA1 /* Assets.xcassets */,
			);
			path = Asset;
			sourceTree = "<group>";
		};
		04BEBABB2A67F32C0050A013 /* Font */ = {
			isa = PBXGroup;
			children = (
				04BEBAC12A67F3360050A013 /* Rubik-Black.ttf */,
				04BEBAC82A67F3360050A013 /* Rubik-BlackItalic.ttf */,
				04BEBAC22A67F3360050A013 /* Rubik-Bold.ttf */,
				04BEBAC72A67F3360050A013 /* Rubik-BoldItalic.ttf */,
				04BEBAC02A67F3360050A013 /* Rubik-ExtraBold.ttf */,
				04BEBABE2A67F3360050A013 /* Rubik-ExtraBoldItalic.ttf */,
				04BEBAC62A67F3360050A013 /* Rubik-Italic.ttf */,
				04BEBAC92A67F3360050A013 /* Rubik-Light.ttf */,
				04BEBAC32A67F3360050A013 /* Rubik-LightItalic.ttf */,
				04BEBABD2A67F3360050A013 /* Rubik-Medium.ttf */,
				04BEBAC52A67F3360050A013 /* Rubik-MediumItalic.ttf */,
				04BEBAC42A67F3360050A013 /* Rubik-Regular.ttf */,
				04BEBABF2A67F3360050A013 /* Rubik-SemiBold.ttf */,
				04BEBABC2A67F3360050A013 /* Rubik-SemiBoldItalic.ttf */,
			);
			path = Font;
			sourceTree = "<group>";
		};
		608B2EE5B055CD9D622C26E6 /* Pods */ = {
			isa = PBXGroup;
			children = (
				CF7360E94DC07D62C491D7A5 /* Pods-Natomic.debug.xcconfig */,
				2C41AB70777013A44E6E6A0E /* Pods-Natomic.release.xcconfig */,
			);
			path = Pods;
			sourceTree = "<group>";
		};
		6CC237C3DE3A2D618805ACB8 /* Frameworks */ = {
			isa = PBXGroup;
			children = (
				FDAF64CC20DBDFA96CB7FCFF /* Pods_Natomic.framework */,
			);
			name = Frameworks;
			sourceTree = "<group>";
		};
/* End PBXGroup section */

/* Begin PBXNativeTarget section */
		04AE069F2A45798300FC4BA1 /* Natomic */ = {
			isa = PBXNativeTarget;
			buildConfigurationList = 04AE06B72A45798300FC4BA1 /* Build configuration list for PBXNativeTarget "Natomic" */;
			buildPhases = (
				AC6688C110EEBAA16A40237A /* [CP] Check Pods Manifest.lock */,
				04AE069C2A45798300FC4BA1 /* Sources */,
				04AE069D2A45798300FC4BA1 /* Frameworks */,
				04AE069E2A45798300FC4BA1 /* Resources */,
				AB56161A4CDFD68FD2EB571D /* [CP] Embed Pods Frameworks */,
			);
			buildRules = (
			);
			dependencies = (
			);
			name = Natomic;
			productName = Natomic;
			productReference = 04AE06A02A45798300FC4BA1 /* Natomic.app */;
			productType = "com.apple.product-type.application";
		};
/* End PBXNativeTarget section */

/* Begin PBXProject section */
		04AE06982A45798300FC4BA1 /* Project object */ = {
			isa = PBXProject;
			attributes = {
				BuildIndependentTargetsInParallel = 1;
				LastSwiftUpdateCheck = 1320;
				LastUpgradeCheck = 1320;
				TargetAttributes = {
					04AE069F2A45798300FC4BA1 = {
						CreatedOnToolsVersion = 13.2.1;
					};
				};
			};
			buildConfigurationList = 04AE069B2A45798300FC4BA1 /* Build configuration list for PBXProject "Natomic" */;
			compatibilityVersion = "Xcode 13.0";
			developmentRegion = en;
			hasScannedForEncodings = 0;
			knownRegions = (
				en,
				Base,
			);
			mainGroup = 04AE06972A45798200FC4BA1;
			productRefGroup = 04AE06A12A45798300FC4BA1 /* Products */;
			projectDirPath = "";
			projectRoot = "";
			targets = (
				04AE069F2A45798300FC4BA1 /* Natomic */,
			);
		};
/* End PBXProject section */

/* Begin PBXResourcesBuildPhase section */
		04AE069E2A45798300FC4BA1 /* Resources */ = {
			isa = PBXResourcesBuildPhase;
			buildActionMask = 2147483647;
			files = (
				04BEBACC2A67F3360050A013 /* Rubik-ExtraBoldItalic.ttf in Resources */,
				04BEBAD22A67F3360050A013 /* Rubik-Regular.ttf in Resources */,
				04AE06B32A45798300FC4BA1 /* LaunchScreen.storyboard in Resources */,
				04BEBAD72A67F3360050A013 /* Rubik-Light.ttf in Resources */,
				04AE06B02A45798300FC4BA1 /* Assets.xcassets in Resources */,
				04BEBAD42A67F3360050A013 /* Rubik-Italic.ttf in Resources */,
				04BEBAD12A67F3360050A013 /* Rubik-LightItalic.ttf in Resources */,
				04AE06AB2A45798300FC4BA1 /* Main.storyboard in Resources */,
				041FF0C42A70CFD300E98018 /* TestView.xib in Resources */,
				04BEBACA2A67F3360050A013 /* Rubik-SemiBoldItalic.ttf in Resources */,
				04BEBACB2A67F3360050A013 /* Rubik-Medium.ttf in Resources */,
				04BEBACF2A67F3360050A013 /* Rubik-Black.ttf in Resources */,
				04BEBAD52A67F3360050A013 /* Rubik-BoldItalic.ttf in Resources */,
				04BEBAD32A67F3360050A013 /* Rubik-MediumItalic.ttf in Resources */,
				04666A412A6E6E92003BC9CB /* HistoryTableCell.xib in Resources */,
				04BEBACE2A67F3360050A013 /* Rubik-ExtraBold.ttf in Resources */,
				04BEBACD2A67F3360050A013 /* Rubik-SemiBold.ttf in Resources */,
				04BEBAD62A67F3360050A013 /* Rubik-BlackItalic.ttf in Resources */,
				04BEBAD02A67F3360050A013 /* Rubik-Bold.ttf in Resources */,
				0436AEDC2A6FBE4C00459DD8 /* TimePickerView.xib in Resources */,
			);
			runOnlyForDeploymentPostprocessing = 0;
		};
/* End PBXResourcesBuildPhase section */

/* Begin PBXShellScriptBuildPhase section */
		AB56161A4CDFD68FD2EB571D /* [CP] Embed Pods Frameworks */ = {
			isa = PBXShellScriptBuildPhase;
			buildActionMask = 2147483647;
			files = (
			);
			inputFileListPaths = (
				"${PODS_ROOT}/Target Support Files/Pods-Natomic/Pods-Natomic-frameworks-${CONFIGURATION}-input-files.xcfilelist",
			);
			name = "[CP] Embed Pods Frameworks";
			outputFileListPaths = (
				"${PODS_ROOT}/Target Support Files/Pods-Natomic/Pods-Natomic-frameworks-${CONFIGURATION}-output-files.xcfilelist",
			);
			runOnlyForDeploymentPostprocessing = 0;
			shellPath = /bin/sh;
			shellScript = "\"${PODS_ROOT}/Target Support Files/Pods-Natomic/Pods-Natomic-frameworks.sh\"\n";
			showEnvVarsInLog = 0;
		};
		AC6688C110EEBAA16A40237A /* [CP] Check Pods Manifest.lock */ = {
			isa = PBXShellScriptBuildPhase;
			buildActionMask = 2147483647;
			files = (
			);
			inputFileListPaths = (
			);
			inputPaths = (
				"${PODS_PODFILE_DIR_PATH}/Podfile.lock",
				"${PODS_ROOT}/Manifest.lock",
			);
			name = "[CP] Check Pods Manifest.lock";
			outputFileListPaths = (
			);
			outputPaths = (
				"$(DERIVED_FILE_DIR)/Pods-Natomic-checkManifestLockResult.txt",
			);
			runOnlyForDeploymentPostprocessing = 0;
			shellPath = /bin/sh;
			shellScript = "diff \"${PODS_PODFILE_DIR_PATH}/Podfile.lock\" \"${PODS_ROOT}/Manifest.lock\" > /dev/null\nif [ $? != 0 ] ; then\n    # print error to STDERR\n    echo \"error: The sandbox is not in sync with the Podfile.lock. Run 'pod install' or update your CocoaPods installation.\" >&2\n    exit 1\nfi\n# This output is used by Xcode 'outputs' to avoid re-running this script phase.\necho \"SUCCESS\" > \"${SCRIPT_OUTPUT_FILE_0}\"\n";
			showEnvVarsInLog = 0;
		};
/* End PBXShellScriptBuildPhase section */

/* Begin PBXSourcesBuildPhase section */
		04AE069C2A45798300FC4BA1 /* Sources */ = {
			isa = PBXSourcesBuildPhase;
			buildActionMask = 2147483647;
			files = (
				04666A3C2A6E3C9C003BC9CB /* WritingVC.swift in Sources */,
				04AE06A82A45798300FC4BA1 /* SplashVC.swift in Sources */,
				043810172A7A3A5000102547 /* SpringAnimator.swift in Sources */,
				04BEBAB72A67ECF00050A013 /* HomeVC.swift in Sources */,
				041FF0CA2A711CF300E98018 /* SubscriptionVC.swift in Sources */,
				04AE06A42A45798300FC4BA1 /* AppDelegate.swift in Sources */,
				041FF0C62A70CFDC00E98018 /* TestView.swift in Sources */,
				04BEBAB92A67F1B30050A013 /* ProfileVC.swift in Sources */,
				04AE06A62A45798300FC4BA1 /* SceneDelegate.swift in Sources */,
				04644FF22A69225B00ABC01F /* IntroVC.swift in Sources */,
				04AFFCCE2A6935C100FCCCAD /* UIViewExtension.swift in Sources */,
				043810152A7A369D00102547 /* TextDetailVC.swift in Sources */,
				04AE06BB2A457C2E00FC4BA1 /* DatabaseMabager.swift in Sources */,
				04666A402A6E6E92003BC9CB /* HistoryTableCell.swift in Sources */,
				04AE06BD2A457C7500FC4BA1 /* UserModel.swift in Sources */,
				04644FF42A69240500ABC01F /* Constant.swift in Sources */,
				04AE06AE2A45798300FC4BA1 /* Natomic.xcdatamodeld in Sources */,
				043810192A7A3C0500102547 /* AlertBase.swift in Sources */,
				0436AEDA2A6FBE3B00459DD8 /* TimePickerView.swift in Sources */,
				04F4B5FC2A497E910085D4A8 /* Global.swift in Sources */,
				041FF0C82A70EFE400E98018 /* SignUpVC.swift in Sources */,
				0438C0A32A77B5EC009F9902 /* NotificationTimeVC.swift in Sources */,
			);
			runOnlyForDeploymentPostprocessing = 0;
		};
/* End PBXSourcesBuildPhase section */

/* Begin PBXVariantGroup section */
		04AE06A92A45798300FC4BA1 /* Main.storyboard */ = {
			isa = PBXVariantGroup;
			children = (
				04AE06AA2A45798300FC4BA1 /* Base */,
			);
			name = Main.storyboard;
			sourceTree = "<group>";
		};
		04AE06B12A45798300FC4BA1 /* LaunchScreen.storyboard */ = {
			isa = PBXVariantGroup;
			children = (
				04AE06B22A45798300FC4BA1 /* Base */,
			);
			name = LaunchScreen.storyboard;
			sourceTree = "<group>";
		};
/* End PBXVariantGroup section */

/* Begin XCBuildConfiguration section */
		04AE06B52A45798300FC4BA1 /* Debug */ = {
			isa = XCBuildConfiguration;
			buildSettings = {
				ALWAYS_SEARCH_USER_PATHS = NO;
				CLANG_ANALYZER_NONNULL = YES;
				CLANG_ANALYZER_NUMBER_OBJECT_CONVERSION = YES_AGGRESSIVE;
				CLANG_CXX_LANGUAGE_STANDARD = "gnu++17";
				CLANG_CXX_LIBRARY = "libc++";
				CLANG_ENABLE_MODULES = YES;
				CLANG_ENABLE_OBJC_ARC = YES;
				CLANG_ENABLE_OBJC_WEAK = YES;
				CLANG_WARN_BLOCK_CAPTURE_AUTORELEASING = YES;
				CLANG_WARN_BOOL_CONVERSION = YES;
				CLANG_WARN_COMMA = YES;
				CLANG_WARN_CONSTANT_CONVERSION = YES;
				CLANG_WARN_DEPRECATED_OBJC_IMPLEMENTATIONS = YES;
				CLANG_WARN_DIRECT_OBJC_ISA_USAGE = YES_ERROR;
				CLANG_WARN_DOCUMENTATION_COMMENTS = YES;
				CLANG_WARN_EMPTY_BODY = YES;
				CLANG_WARN_ENUM_CONVERSION = YES;
				CLANG_WARN_INFINITE_RECURSION = YES;
				CLANG_WARN_INT_CONVERSION = YES;
				CLANG_WARN_NON_LITERAL_NULL_CONVERSION = YES;
				CLANG_WARN_OBJC_IMPLICIT_RETAIN_SELF = YES;
				CLANG_WARN_OBJC_LITERAL_CONVERSION = YES;
				CLANG_WARN_OBJC_ROOT_CLASS = YES_ERROR;
				CLANG_WARN_QUOTED_INCLUDE_IN_FRAMEWORK_HEADER = YES;
				CLANG_WARN_RANGE_LOOP_ANALYSIS = YES;
				CLANG_WARN_STRICT_PROTOTYPES = YES;
				CLANG_WARN_SUSPICIOUS_MOVE = YES;
				CLANG_WARN_UNGUARDED_AVAILABILITY = YES_AGGRESSIVE;
				CLANG_WARN_UNREACHABLE_CODE = YES;
				CLANG_WARN__DUPLICATE_METHOD_MATCH = YES;
				COPY_PHASE_STRIP = NO;
				DEBUG_INFORMATION_FORMAT = dwarf;
				ENABLE_STRICT_OBJC_MSGSEND = YES;
				ENABLE_TESTABILITY = YES;
				GCC_C_LANGUAGE_STANDARD = gnu11;
				GCC_DYNAMIC_NO_PIC = NO;
				GCC_NO_COMMON_BLOCKS = YES;
				GCC_OPTIMIZATION_LEVEL = 0;
				GCC_PREPROCESSOR_DEFINITIONS = (
					"DEBUG=1",
					"$(inherited)",
				);
				GCC_WARN_64_TO_32_BIT_CONVERSION = YES;
				GCC_WARN_ABOUT_RETURN_TYPE = YES_ERROR;
				GCC_WARN_UNDECLARED_SELECTOR = YES;
				GCC_WARN_UNINITIALIZED_AUTOS = YES_AGGRESSIVE;
				GCC_WARN_UNUSED_FUNCTION = YES;
				GCC_WARN_UNUSED_VARIABLE = YES;
				IPHONEOS_DEPLOYMENT_TARGET = 15.2;
				MTL_ENABLE_DEBUG_INFO = INCLUDE_SOURCE;
				MTL_FAST_MATH = YES;
				ONLY_ACTIVE_ARCH = YES;
				SDKROOT = iphoneos;
				SWIFT_ACTIVE_COMPILATION_CONDITIONS = DEBUG;
				SWIFT_OPTIMIZATION_LEVEL = "-Onone";
			};
			name = Debug;
		};
		04AE06B62A45798300FC4BA1 /* Release */ = {
			isa = XCBuildConfiguration;
			buildSettings = {
				ALWAYS_SEARCH_USER_PATHS = NO;
				CLANG_ANALYZER_NONNULL = YES;
				CLANG_ANALYZER_NUMBER_OBJECT_CONVERSION = YES_AGGRESSIVE;
				CLANG_CXX_LANGUAGE_STANDARD = "gnu++17";
				CLANG_CXX_LIBRARY = "libc++";
				CLANG_ENABLE_MODULES = YES;
				CLANG_ENABLE_OBJC_ARC = YES;
				CLANG_ENABLE_OBJC_WEAK = YES;
				CLANG_WARN_BLOCK_CAPTURE_AUTORELEASING = YES;
				CLANG_WARN_BOOL_CONVERSION = YES;
				CLANG_WARN_COMMA = YES;
				CLANG_WARN_CONSTANT_CONVERSION = YES;
				CLANG_WARN_DEPRECATED_OBJC_IMPLEMENTATIONS = YES;
				CLANG_WARN_DIRECT_OBJC_ISA_USAGE = YES_ERROR;
				CLANG_WARN_DOCUMENTATION_COMMENTS = YES;
				CLANG_WARN_EMPTY_BODY = YES;
				CLANG_WARN_ENUM_CONVERSION = YES;
				CLANG_WARN_INFINITE_RECURSION = YES;
				CLANG_WARN_INT_CONVERSION = YES;
				CLANG_WARN_NON_LITERAL_NULL_CONVERSION = YES;
				CLANG_WARN_OBJC_IMPLICIT_RETAIN_SELF = YES;
				CLANG_WARN_OBJC_LITERAL_CONVERSION = YES;
				CLANG_WARN_OBJC_ROOT_CLASS = YES_ERROR;
				CLANG_WARN_QUOTED_INCLUDE_IN_FRAMEWORK_HEADER = YES;
				CLANG_WARN_RANGE_LOOP_ANALYSIS = YES;
				CLANG_WARN_STRICT_PROTOTYPES = YES;
				CLANG_WARN_SUSPICIOUS_MOVE = YES;
				CLANG_WARN_UNGUARDED_AVAILABILITY = YES_AGGRESSIVE;
				CLANG_WARN_UNREACHABLE_CODE = YES;
				CLANG_WARN__DUPLICATE_METHOD_MATCH = YES;
				COPY_PHASE_STRIP = NO;
				DEBUG_INFORMATION_FORMAT = "dwarf-with-dsym";
				ENABLE_NS_ASSERTIONS = NO;
				ENABLE_STRICT_OBJC_MSGSEND = YES;
				GCC_C_LANGUAGE_STANDARD = gnu11;
				GCC_NO_COMMON_BLOCKS = YES;
				GCC_WARN_64_TO_32_BIT_CONVERSION = YES;
				GCC_WARN_ABOUT_RETURN_TYPE = YES_ERROR;
				GCC_WARN_UNDECLARED_SELECTOR = YES;
				GCC_WARN_UNINITIALIZED_AUTOS = YES_AGGRESSIVE;
				GCC_WARN_UNUSED_FUNCTION = YES;
				GCC_WARN_UNUSED_VARIABLE = YES;
				IPHONEOS_DEPLOYMENT_TARGET = 15.2;
				MTL_ENABLE_DEBUG_INFO = NO;
				MTL_FAST_MATH = YES;
				SDKROOT = iphoneos;
				SWIFT_COMPILATION_MODE = wholemodule;
				SWIFT_OPTIMIZATION_LEVEL = "-O";
				VALIDATE_PRODUCT = YES;
			};
			name = Release;
		};
		04AE06B82A45798300FC4BA1 /* Debug */ = {
			isa = XCBuildConfiguration;
			baseConfigurationReference = CF7360E94DC07D62C491D7A5 /* Pods-Natomic.debug.xcconfig */;
			buildSettings = {
				ASSETCATALOG_COMPILER_APPICON_NAME = AppIcon;
				ASSETCATALOG_COMPILER_GLOBAL_ACCENT_COLOR_NAME = AccentColor;
				CODE_SIGN_STYLE = Automatic;
				CURRENT_PROJECT_VERSION = 1;
				DEVELOPMENT_TEAM = 37BX253U4R;
				GENERATE_INFOPLIST_FILE = YES;
				INFOPLIST_FILE = Natomic/Info.plist;
				INFOPLIST_KEY_UIApplicationSupportsIndirectInputEvents = YES;
				INFOPLIST_KEY_UILaunchStoryboardName = LaunchScreen;
				INFOPLIST_KEY_UIMainStoryboardFile = Main;
				INFOPLIST_KEY_UISupportedInterfaceOrientations_iPad = "UIInterfaceOrientationPortrait UIInterfaceOrientationPortraitUpsideDown UIInterfaceOrientationLandscapeLeft UIInterfaceOrientationLandscapeRight";
				INFOPLIST_KEY_UISupportedInterfaceOrientations_iPhone = "UIInterfaceOrientationPortrait UIInterfaceOrientationLandscapeLeft UIInterfaceOrientationLandscapeRight";
				LD_RUNPATH_SEARCH_PATHS = (
					"$(inherited)",
					"@executable_path/Frameworks",
				);
				MARKETING_VERSION = 1.0;
				PRODUCT_BUNDLE_IDENTIFIER = com.ArchitApps.Natomic;
				PRODUCT_NAME = "$(TARGET_NAME)";
				SWIFT_EMIT_LOC_STRINGS = YES;
				SWIFT_VERSION = 5.0;
				TARGETED_DEVICE_FAMILY = "1,2";
			};
			name = Debug;
		};
		04AE06B92A45798300FC4BA1 /* Release */ = {
			isa = XCBuildConfiguration;
			baseConfigurationReference = 2C41AB70777013A44E6E6A0E /* Pods-Natomic.release.xcconfig */;
			buildSettings = {
				ASSETCATALOG_COMPILER_APPICON_NAME = AppIcon;
				ASSETCATALOG_COMPILER_GLOBAL_ACCENT_COLOR_NAME = AccentColor;
				CODE_SIGN_STYLE = Automatic;
				CURRENT_PROJECT_VERSION = 1;
				DEVELOPMENT_TEAM = 37BX253U4R;
				GENERATE_INFOPLIST_FILE = YES;
				INFOPLIST_FILE = Natomic/Info.plist;
				INFOPLIST_KEY_UIApplicationSupportsIndirectInputEvents = YES;
				INFOPLIST_KEY_UILaunchStoryboardName = LaunchScreen;
				INFOPLIST_KEY_UIMainStoryboardFile = Main;
				INFOPLIST_KEY_UISupportedInterfaceOrientations_iPad = "UIInterfaceOrientationPortrait UIInterfaceOrientationPortraitUpsideDown UIInterfaceOrientationLandscapeLeft UIInterfaceOrientationLandscapeRight";
				INFOPLIST_KEY_UISupportedInterfaceOrientations_iPhone = "UIInterfaceOrientationPortrait UIInterfaceOrientationLandscapeLeft UIInterfaceOrientationLandscapeRight";
				LD_RUNPATH_SEARCH_PATHS = (
					"$(inherited)",
					"@executable_path/Frameworks",
				);
				MARKETING_VERSION = 1.0;
				PRODUCT_BUNDLE_IDENTIFIER = com.ArchitApps.Natomic;
				PRODUCT_NAME = "$(TARGET_NAME)";
				SWIFT_EMIT_LOC_STRINGS = YES;
				SWIFT_VERSION = 5.0;
				TARGETED_DEVICE_FAMILY = "1,2";
			};
			name = Release;
		};
/* End XCBuildConfiguration section */

/* Begin XCConfigurationList section */
		04AE069B2A45798300FC4BA1 /* Build configuration list for PBXProject "Natomic" */ = {
			isa = XCConfigurationList;
			buildConfigurations = (
				04AE06B52A45798300FC4BA1 /* Debug */,
				04AE06B62A45798300FC4BA1 /* Release */,
			);
			defaultConfigurationIsVisible = 0;
			defaultConfigurationName = Release;
		};
		04AE06B72A45798300FC4BA1 /* Build configuration list for PBXNativeTarget "Natomic" */ = {
			isa = XCConfigurationList;
			buildConfigurations = (
				04AE06B82A45798300FC4BA1 /* Debug */,
				04AE06B92A45798300FC4BA1 /* Release */,
			);
			defaultConfigurationIsVisible = 0;
			defaultConfigurationName = Release;
		};
/* End XCConfigurationList section */

/* Begin XCVersionGroup section */
		04AE06AC2A45798300FC4BA1 /* Natomic.xcdatamodeld */ = {
			isa = XCVersionGroup;
			children = (
				04AE06AD2A45798300FC4BA1 /* Natomic.xcdatamodel */,
			);
			currentVersion = 04AE06AD2A45798300FC4BA1 /* Natomic.xcdatamodel */;
			path = Natomic.xcdatamodeld;
			sourceTree = "<group>";
			versionGroupType = wrapper.xcdatamodel;
		};
/* End XCVersionGroup section */
	};
	rootObject = 04AE06982A45798300FC4BA1 /* Project object */;
}
